// !$*UTF8*$!
{
	archiveVersion = 1;
	classes = {
	};
	objectVersion = 46;
	objects = {

/* Begin PBXBuildFile section */
		F9EF79A61DC18716002118AB /* main.swift in Sources */ = {isa = PBXBuildFile; fileRef = F9EF79A51DC18716002118AB /* main.swift */; };
		F9EF79B31DC18751002118AB /* ScrabbleScoreTest.swift in Sources */ = {isa = PBXBuildFile; fileRef = F9EF79B21DC18751002118AB /* ScrabbleScoreTest.swift */; };
		F9EF79B81DC1876C002118AB /* main.swift in Sources */ = {isa = PBXBuildFile; fileRef = F9EF79A51DC18716002118AB /* main.swift */; };
/* End PBXBuildFile section */

/* Begin PBXCopyFilesBuildPhase section */
		F9EF79A01DC18716002118AB /* CopyFiles */ = {
			isa = PBXCopyFilesBuildPhase;
			buildActionMask = 2147483647;
			dstPath = /usr/share/man/man1/;
			dstSubfolderSpec = 0;
			files = (
			);
			runOnlyForDeploymentPostprocessing = 1;
		};
/* End PBXCopyFilesBuildPhase section */

/* Begin PBXFileReference section */
		F9EF79A21DC18716002118AB /* scrabble-score */ = {isa = PBXFileReference; explicitFileType = "compiled.mach-o.executable"; includeInIndex = 0; path = "scrabble-score"; sourceTree = BUILT_PRODUCTS_DIR; };
		F9EF79A51DC18716002118AB /* main.swift */ = {isa = PBXFileReference; lastKnownFileType = sourcecode.swift; path = main.swift; sourceTree = "<group>"; };
		F9EF79B01DC18751002118AB /* ScrabbleScoreTest.xctest */ = {isa = PBXFileReference; explicitFileType = wrapper.cfbundle; includeInIndex = 0; path = ScrabbleScoreTest.xctest; sourceTree = BUILT_PRODUCTS_DIR; };
		F9EF79B21DC18751002118AB /* ScrabbleScoreTest.swift */ = {isa = PBXFileReference; lastKnownFileType = sourcecode.swift; path = ScrabbleScoreTest.swift; sourceTree = "<group>"; };
		F9EF79B41DC18751002118AB /* Info.plist */ = {isa = PBXFileReference; lastKnownFileType = text.plist.xml; path = Info.plist; sourceTree = "<group>"; };
/* End PBXFileReference section */

/* Begin PBXFrameworksBuildPhase section */
		F9EF799F1DC18716002118AB /* Frameworks */ = {
			isa = PBXFrameworksBuildPhase;
			buildActionMask = 2147483647;
			files = (
			);
			runOnlyForDeploymentPostprocessing = 0;
		};
		F9EF79AD1DC18751002118AB /* Frameworks */ = {
			isa = PBXFrameworksBuildPhase;
			buildActionMask = 2147483647;
			files = (
			);
			runOnlyForDeploymentPostprocessing = 0;
		};
/* End PBXFrameworksBuildPhase section */

/* Begin PBXGroup section */
		F9EF79991DC18716002118AB = {
			isa = PBXGroup;
			children = (
				F9EF79A41DC18716002118AB /* scrabble-score */,
				F9EF79B11DC18751002118AB /* ScrabbleScoreTest */,
				F9EF79A31DC18716002118AB /* Products */,
			);
			sourceTree = "<group>";
		};
		F9EF79A31DC18716002118AB /* Products */ = {
			isa = PBXGroup;
			children = (
				F9EF79A21DC18716002118AB /* scrabble-score */,
				F9EF79B01DC18751002118AB /* ScrabbleScoreTest.xctest */,
			);
			name = Products;
			sourceTree = "<group>";
		};
		F9EF79A41DC18716002118AB /* scrabble-score */ = {
			isa = PBXGroup;
			children = (
				F9EF79A51DC18716002118AB /* main.swift */,
			);
			path = "scrabble-score";
			sourceTree = "<group>";
		};
		F9EF79B11DC18751002118AB /* ScrabbleScoreTest */ = {
			isa = PBXGroup;
			children = (
				F9EF79B21DC18751002118AB /* ScrabbleScoreTest.swift */,
				F9EF79B41DC18751002118AB /* Info.plist */,
			);
			path = ScrabbleScoreTest;
			sourceTree = "<group>";
		};
/* End PBXGroup section */

/* Begin PBXNativeTarget section */
		F9EF79A11DC18716002118AB /* scrabble-score */ = {
			isa = PBXNativeTarget;
			buildConfigurationList = F9EF79A91DC18716002118AB /* Build configuration list for PBXNativeTarget "scrabble-score" */;
			buildPhases = (
				F9EF799E1DC18716002118AB /* Sources */,
				F9EF799F1DC18716002118AB /* Frameworks */,
				F9EF79A01DC18716002118AB /* CopyFiles */,
			);
			buildRules = (
			);
			dependencies = (
			);
			name = "scrabble-score";
			productName = "scrabble-score";
			productReference = F9EF79A21DC18716002118AB /* scrabble-score */;
			productType = "com.apple.product-type.tool";
		};
		F9EF79AF1DC18751002118AB /* ScrabbleScoreTest */ = {
			isa = PBXNativeTarget;
			buildConfigurationList = F9EF79B51DC18751002118AB /* Build configuration list for PBXNativeTarget "ScrabbleScoreTest" */;
			buildPhases = (
				F9EF79AC1DC18751002118AB /* Sources */,
				F9EF79AD1DC18751002118AB /* Frameworks */,
				F9EF79AE1DC18751002118AB /* Resources */,
			);
			buildRules = (
			);
			dependencies = (
			);
			name = ScrabbleScoreTest;
			productName = ScrabbleScoreTest;
			productReference = F9EF79B01DC18751002118AB /* ScrabbleScoreTest.xctest */;
			productType = "com.apple.product-type.bundle.unit-test";
		};
/* End PBXNativeTarget section */

/* Begin PBXProject section */
		F9EF799A1DC18716002118AB /* Project object */ = {
			isa = PBXProject;
			attributes = {
				LastSwiftUpdateCheck = 0800;
				LastUpgradeCheck = 0800;
				ORGANIZATIONNAME = nvnehi;
				TargetAttributes = {
					F9EF79A11DC18716002118AB = {
						CreatedOnToolsVersion = 8.0;
						ProvisioningStyle = Automatic;
					};
					F9EF79AF1DC18751002118AB = {
						CreatedOnToolsVersion = 8.0;
						ProvisioningStyle = Automatic;
					};
				};
			};
			buildConfigurationList = F9EF799D1DC18716002118AB /* Build configuration list for PBXProject "scrabble-score" */;
			compatibilityVersion = "Xcode 3.2";
			developmentRegion = English;
			hasScannedForEncodings = 0;
			knownRegions = (
				en,
			);
			mainGroup = F9EF79991DC18716002118AB;
			productRefGroup = F9EF79A31DC18716002118AB /* Products */;
			projectDirPath = "";
			projectRoot = "";
			targets = (
				F9EF79A11DC18716002118AB /* scrabble-score */,
				F9EF79AF1DC18751002118AB /* ScrabbleScoreTest */,
			);
		};
/* End PBXProject section */

/* Begin PBXResourcesBuildPhase section */
		F9EF79AE1DC18751002118AB /* Resources */ = {
			isa = PBXResourcesBuildPhase;
			buildActionMask = 2147483647;
			files = (
			);
			runOnlyForDeploymentPostprocessing = 0;
		};
/* End PBXResourcesBuildPhase section */

/* Begin PBXSourcesBuildPhase section */
		F9EF799E1DC18716002118AB /* Sources */ = {
			isa = PBXSourcesBuildPhase;
			buildActionMask = 2147483647;
			files = (
				F9EF79A61DC18716002118AB /* main.swift in Sources */,
			);
			runOnlyForDeploymentPostprocessing = 0;
		};
		F9EF79AC1DC18751002118AB /* Sources */ = {
			isa = PBXSourcesBuildPhase;
			buildActionMask = 2147483647;
			files = (
				F9EF79B81DC1876C002118AB /* main.swift in Sources */,
				F9EF79B31DC18751002118AB /* ScrabbleScoreTest.swift in Sources */,
			);
			runOnlyForDeploymentPostprocessing = 0;
		};
/* End PBXSourcesBuildPhase section */

/* Begin XCBuildConfiguration section */
		F9EF79A71DC18716002118AB /* Debug */ = {
			isa = XCBuildConfiguration;
			buildSettings = {
				ALWAYS_SEARCH_USER_PATHS = NO;
				CLANG_ANALYZER_NONNULL = YES;
				CLANG_CXX_LANGUAGE_STANDARD = "gnu++0x";
				CLANG_CXX_LIBRARY = "libc++";
				CLANG_ENABLE_MODULES = YES;
				CLANG_ENABLE_OBJC_ARC = YES;
				CLANG_WARN_BOOL_CONVERSION = YES;
				CLANG_WARN_CONSTANT_CONVERSION = YES;
				CLANG_WARN_DIRECT_OBJC_ISA_USAGE = YES_ERROR;
				CLANG_WARN_DOCUMENTATION_COMMENTS = YES;
				CLANG_WARN_EMPTY_BODY = YES;
				CLANG_WARN_ENUM_CONVERSION = YES;
				CLANG_WARN_INFINITE_RECURSION = YES;
				CLANG_WARN_INT_CONVERSION = YES;
				CLANG_WARN_OBJC_ROOT_CLASS = YES_ERROR;
				CLANG_WARN_SUSPICIOUS_MOVES = YES;
				CLANG_WARN_UNREACHABLE_CODE = YES;
				CLANG_WARN__DUPLICATE_METHOD_MATCH = YES;
				CODE_SIGN_IDENTITY = "-";
				COPY_PHASE_STRIP = NO;
				DEBUG_INFORMATION_FORMAT = dwarf;
				ENABLE_STRICT_OBJC_MSGSEND = YES;
				ENABLE_TESTABILITY = YES;
				GCC_C_LANGUAGE_STANDARD = gnu99;
				GCC_DYNAMIC_NO_PIC = NO;
				GCC_NO_COMMON_BLOCKS = YES;
				GCC_OPTIMIZATION_LEVEL = 0;
				GCC_PREPROCESSOR_DEFINITIONS = (
					"DEBUG=1",
					"$(inherited)",
				);
				GCC_WARN_64_TO_32_BIT_CONVERSION = YES;
				GCC_WARN_ABOUT_RETURN_TYPE = YES_ERROR;
				GCC_WARN_UNDECLARED_SELECTOR = YES;
				GCC_WARN_UNINITIALIZED_AUTOS = YES_AGGRESSIVE;
				GCC_WARN_UNUSED_FUNCTION = YES;
				GCC_WARN_UNUSED_VARIABLE = YES;
				MACOSX_DEPLOYMENT_TARGET = 10.12;
				MTL_ENABLE_DEBUG_INFO = YES;
				ONLY_ACTIVE_ARCH = YES;
				SDKROOT = macosx;
				SWIFT_OPTIMIZATION_LEVEL = "-Onone";
			};
			name = Debug;
		};
		F9EF79A81DC18716002118AB /* Release */ = {
			isa = XCBuildConfiguration;
			buildSettings = {
				ALWAYS_SEARCH_USER_PATHS = NO;
				CLANG_ANALYZER_NONNULL = YES;
				CLANG_CXX_LANGUAGE_STANDARD = "gnu++0x";
				CLANG_CXX_LIBRARY = "libc++";
				CLANG_ENABLE_MODULES = YES;
				CLANG_ENABLE_OBJC_ARC = YES;
				CLANG_WARN_BOOL_CONVERSION = YES;
				CLANG_WARN_CONSTANT_CONVERSION = YES;
				CLANG_WARN_DIRECT_OBJC_ISA_USAGE = YES_ERROR;
				CLANG_WARN_DOCUMENTATION_COMMENTS = YES;
				CLANG_WARN_EMPTY_BODY = YES;
				CLANG_WARN_ENUM_CONVERSION = YES;
				CLANG_WARN_INFINITE_RECURSION = YES;
				CLANG_WARN_INT_CONVERSION = YES;
				CLANG_WARN_OBJC_ROOT_CLASS = YES_ERROR;
				CLANG_WARN_SUSPICIOUS_MOVES = YES;
				CLANG_WARN_UNREACHABLE_CODE = YES;
				CLANG_WARN__DUPLICATE_METHOD_MATCH = YES;
				CODE_SIGN_IDENTITY = "-";
				COPY_PHASE_STRIP = NO;
				DEBUG_INFORMATION_FORMAT = "dwarf-with-dsym";
				ENABLE_NS_ASSERTIONS = NO;
				ENABLE_STRICT_OBJC_MSGSEND = YES;
				GCC_C_LANGUAGE_STANDARD = gnu99;
				GCC_NO_COMMON_BLOCKS = YES;
				GCC_WARN_64_TO_32_BIT_CONVERSION = YES;
				GCC_WARN_ABOUT_RETURN_TYPE = YES_ERROR;
				GCC_WARN_UNDECLARED_SELECTOR = YES;
				GCC_WARN_UNINITIALIZED_AUTOS = YES_AGGRESSIVE;
				GCC_WARN_UNUSED_FUNCTION = YES;
				GCC_WARN_UNUSED_VARIABLE = YES;
				MACOSX_DEPLOYMENT_TARGET = 10.12;
				MTL_ENABLE_DEBUG_INFO = NO;
				SDKROOT = macosx;
			};
			name = Release;
		};
		F9EF79AA1DC18716002118AB /* Debug */ = {
			isa = XCBuildConfiguration;
			buildSettings = {
				PRODUCT_NAME = "$(TARGET_NAME)";
				SWIFT_VERSION = 3.0;
			};
			name = Debug;
		};
		F9EF79AB1DC18716002118AB /* Release */ = {
			isa = XCBuildConfiguration;
			buildSettings = {
				PRODUCT_NAME = "$(TARGET_NAME)";
				SWIFT_VERSION = 3.0;
			};
			name = Release;
		};
		F9EF79B61DC18751002118AB /* Debug */ = {
			isa = XCBuildConfiguration;
			buildSettings = {
				COMBINE_HIDPI_IMAGES = YES;
				INFOPLIST_FILE = ScrabbleScoreTest/Info.plist;
				LD_RUNPATH_SEARCH_PATHS = "$(inherited) @executable_path/../Frameworks @loader_path/../Frameworks";
				PRODUCT_BUNDLE_IDENTIFIER = io.nnh.ScrabbleScoreTest;
				PRODUCT_NAME = "$(TARGET_NAME)";
				SWIFT_ACTIVE_COMPILATION_CONDITIONS = DEBUG;
				SWIFT_VERSION = 3.0;
			};
			name = Debug;
		};
		F9EF79B71DC18751002118AB /* Release */ = {
			isa = XCBuildConfiguration;
			buildSettings = {
				COMBINE_HIDPI_IMAGES = YES;
				INFOPLIST_FILE = ScrabbleScoreTest/Info.plist;
				LD_RUNPATH_SEARCH_PATHS = "$(inherited) @executable_path/../Frameworks @loader_path/../Frameworks";
				PRODUCT_BUNDLE_IDENTIFIER = io.nnh.ScrabbleScoreTest;
				PRODUCT_NAME = "$(TARGET_NAME)";
				SWIFT_OPTIMIZATION_LEVEL = "-Owholemodule";
				SWIFT_VERSION = 3.0;
			};
			name = Release;
		};
/* End XCBuildConfiguration section */

/* Begin XCConfigurationList section */
		F9EF799D1DC18716002118AB /* Build configuration list for PBXProject "scrabble-score" */ = {
			isa = XCConfigurationList;
			buildConfigurations = (
				F9EF79A71DC18716002118AB /* Debug */,
				F9EF79A81DC18716002118AB /* Release */,
			);
			defaultConfigurationIsVisible = 0;
			defaultConfigurationName = Release;
		};
		F9EF79A91DC18716002118AB /* Build configuration list for PBXNativeTarget "scrabble-score" */ = {
			isa = XCConfigurationList;
			buildConfigurations = (
				F9EF79AA1DC18716002118AB /* Debug */,
				F9EF79AB1DC18716002118AB /* Release */,
			);
			defaultConfigurationIsVisible = 0;
		};
		F9EF79B51DC18751002118AB /* Build configuration list for PBXNativeTarget "ScrabbleScoreTest" */ = {
			isa = XCConfigurationList;
			buildConfigurations = (
				F9EF79B61DC18751002118AB /* Debug */,
				F9EF79B71DC18751002118AB /* Release */,
			);
			defaultConfigurationIsVisible = 0;
		};
/* End XCConfigurationList section */
	};
	rootObject = F9EF799A1DC18716002118AB /* Project object */;
}
