// !$*UTF8*$!
{
	archiveVersion = 1;
	classes = {
	};
	objectVersion = 46;
	objects = {

/* Begin PBXBuildFile section */
		F9D2000A1DA6E09C002435F2 /* SumOfMultiplesTest.swift in Sources */ = {isa = PBXBuildFile; fileRef = F9D200091DA6E09C002435F2 /* SumOfMultiplesTest.swift */; };
		F9D2000F1DA6E0A1002435F2 /* main.swift in Sources */ = {isa = PBXBuildFile; fileRef = F9D2FFFC1DA6E06F002435F2 /* main.swift */; };
		F9D2FFFD1DA6E06F002435F2 /* main.swift in Sources */ = {isa = PBXBuildFile; fileRef = F9D2FFFC1DA6E06F002435F2 /* main.swift */; };
/* End PBXBuildFile section */

/* Begin PBXCopyFilesBuildPhase section */
		F9D2FFF71DA6E06F002435F2 /* CopyFiles */ = {
			isa = PBXCopyFilesBuildPhase;
			buildActionMask = 2147483647;
			dstPath = /usr/share/man/man1/;
			dstSubfolderSpec = 0;
			files = (
			);
			runOnlyForDeploymentPostprocessing = 1;
		};
/* End PBXCopyFilesBuildPhase section */

/* Begin PBXFileReference section */
		F9D200071DA6E09C002435F2 /* SumOfMultiplesTest.xctest */ = {isa = PBXFileReference; explicitFileType = wrapper.cfbundle; includeInIndex = 0; path = SumOfMultiplesTest.xctest; sourceTree = BUILT_PRODUCTS_DIR; };
		F9D200091DA6E09C002435F2 /* SumOfMultiplesTest.swift */ = {isa = PBXFileReference; lastKnownFileType = sourcecode.swift; path = SumOfMultiplesTest.swift; sourceTree = "<group>"; };
		F9D2000B1DA6E09C002435F2 /* Info.plist */ = {isa = PBXFileReference; lastKnownFileType = text.plist.xml; path = Info.plist; sourceTree = "<group>"; };
		F9D2FFF91DA6E06F002435F2 /* sum of multiples */ = {isa = PBXFileReference; explicitFileType = "compiled.mach-o.executable"; includeInIndex = 0; path = "sum of multiples"; sourceTree = BUILT_PRODUCTS_DIR; };
		F9D2FFFC1DA6E06F002435F2 /* main.swift */ = {isa = PBXFileReference; lastKnownFileType = sourcecode.swift; path = main.swift; sourceTree = "<group>"; };
/* End PBXFileReference section */

/* Begin PBXFrameworksBuildPhase section */
		F9D200041DA6E09C002435F2 /* Frameworks */ = {
			isa = PBXFrameworksBuildPhase;
			buildActionMask = 2147483647;
			files = (
			);
			runOnlyForDeploymentPostprocessing = 0;
		};
		F9D2FFF61DA6E06F002435F2 /* Frameworks */ = {
			isa = PBXFrameworksBuildPhase;
			buildActionMask = 2147483647;
			files = (
			);
			runOnlyForDeploymentPostprocessing = 0;
		};
/* End PBXFrameworksBuildPhase section */

/* Begin PBXGroup section */
		F9D200081DA6E09C002435F2 /* SumOfMultiplesTest */ = {
			isa = PBXGroup;
			children = (
				F9D200091DA6E09C002435F2 /* SumOfMultiplesTest.swift */,
				F9D2000B1DA6E09C002435F2 /* Info.plist */,
			);
			path = SumOfMultiplesTest;
			sourceTree = "<group>";
		};
		F9D2FFF01DA6E06F002435F2 = {
			isa = PBXGroup;
			children = (
				F9D2FFFB1DA6E06F002435F2 /* sum of multiples */,
				F9D200081DA6E09C002435F2 /* SumOfMultiplesTest */,
				F9D2FFFA1DA6E06F002435F2 /* Products */,
			);
			sourceTree = "<group>";
		};
		F9D2FFFA1DA6E06F002435F2 /* Products */ = {
			isa = PBXGroup;
			children = (
				F9D2FFF91DA6E06F002435F2 /* sum of multiples */,
				F9D200071DA6E09C002435F2 /* SumOfMultiplesTest.xctest */,
			);
			name = Products;
			sourceTree = "<group>";
		};
		F9D2FFFB1DA6E06F002435F2 /* sum of multiples */ = {
			isa = PBXGroup;
			children = (
				F9D2FFFC1DA6E06F002435F2 /* main.swift */,
			);
			path = "sum of multiples";
			sourceTree = "<group>";
		};
/* End PBXGroup section */

/* Begin PBXNativeTarget section */
		F9D200061DA6E09C002435F2 /* SumOfMultiplesTest */ = {
			isa = PBXNativeTarget;
			buildConfigurationList = F9D2000C1DA6E09C002435F2 /* Build configuration list for PBXNativeTarget "SumOfMultiplesTest" */;
			buildPhases = (
				F9D200031DA6E09C002435F2 /* Sources */,
				F9D200041DA6E09C002435F2 /* Frameworks */,
				F9D200051DA6E09C002435F2 /* Resources */,
			);
			buildRules = (
			);
			dependencies = (
			);
			name = SumOfMultiplesTest;
			productName = SumOfMultiplesTest;
			productReference = F9D200071DA6E09C002435F2 /* SumOfMultiplesTest.xctest */;
			productType = "com.apple.product-type.bundle.unit-test";
		};
		F9D2FFF81DA6E06F002435F2 /* sum of multiples */ = {
			isa = PBXNativeTarget;
			buildConfigurationList = F9D200001DA6E06F002435F2 /* Build configuration list for PBXNativeTarget "sum of multiples" */;
			buildPhases = (
				F9D2FFF51DA6E06F002435F2 /* Sources */,
				F9D2FFF61DA6E06F002435F2 /* Frameworks */,
				F9D2FFF71DA6E06F002435F2 /* CopyFiles */,
			);
			buildRules = (
			);
			dependencies = (
			);
			name = "sum of multiples";
			productName = "sum of multiples";
			productReference = F9D2FFF91DA6E06F002435F2 /* sum of multiples */;
			productType = "com.apple.product-type.tool";
		};
/* End PBXNativeTarget section */

/* Begin PBXProject section */
		F9D2FFF11DA6E06F002435F2 /* Project object */ = {
			isa = PBXProject;
			attributes = {
				LastSwiftUpdateCheck = 0800;
				LastUpgradeCheck = 0800;
				ORGANIZATIONNAME = nvnehi;
				TargetAttributes = {
					F9D200061DA6E09C002435F2 = {
						CreatedOnToolsVersion = 8.0;
						ProvisioningStyle = Automatic;
					};
					F9D2FFF81DA6E06F002435F2 = {
						CreatedOnToolsVersion = 8.0;
						ProvisioningStyle = Automatic;
					};
				};
			};
			buildConfigurationList = F9D2FFF41DA6E06F002435F2 /* Build configuration list for PBXProject "sum of multiples" */;
			compatibilityVersion = "Xcode 3.2";
			developmentRegion = English;
			hasScannedForEncodings = 0;
			knownRegions = (
				en,
			);
			mainGroup = F9D2FFF01DA6E06F002435F2;
			productRefGroup = F9D2FFFA1DA6E06F002435F2 /* Products */;
			projectDirPath = "";
			projectRoot = "";
			targets = (
				F9D2FFF81DA6E06F002435F2 /* sum of multiples */,
				F9D200061DA6E09C002435F2 /* SumOfMultiplesTest */,
			);
		};
/* End PBXProject section */

/* Begin PBXResourcesBuildPhase section */
		F9D200051DA6E09C002435F2 /* Resources */ = {
			isa = PBXResourcesBuildPhase;
			buildActionMask = 2147483647;
			files = (
			);
			runOnlyForDeploymentPostprocessing = 0;
		};
/* End PBXResourcesBuildPhase section */

/* Begin PBXSourcesBuildPhase section */
		F9D200031DA6E09C002435F2 /* Sources */ = {
			isa = PBXSourcesBuildPhase;
			buildActionMask = 2147483647;
			files = (
				F9D2000F1DA6E0A1002435F2 /* main.swift in Sources */,
				F9D2000A1DA6E09C002435F2 /* SumOfMultiplesTest.swift in Sources */,
			);
			runOnlyForDeploymentPostprocessing = 0;
		};
		F9D2FFF51DA6E06F002435F2 /* Sources */ = {
			isa = PBXSourcesBuildPhase;
			buildActionMask = 2147483647;
			files = (
				F9D2FFFD1DA6E06F002435F2 /* main.swift in Sources */,
			);
			runOnlyForDeploymentPostprocessing = 0;
		};
/* End PBXSourcesBuildPhase section */

/* Begin XCBuildConfiguration section */
		F9D200011DA6E06F002435F2 /* Debug */ = {
			isa = XCBuildConfiguration;
			buildSettings = {
				PRODUCT_NAME = "$(TARGET_NAME)";
				SWIFT_VERSION = 3.0;
			};
			name = Debug;
		};
		F9D200021DA6E06F002435F2 /* Release */ = {
			isa = XCBuildConfiguration;
			buildSettings = {
				PRODUCT_NAME = "$(TARGET_NAME)";
				SWIFT_VERSION = 3.0;
			};
			name = Release;
		};
		F9D2000D1DA6E09C002435F2 /* Debug */ = {
			isa = XCBuildConfiguration;
			buildSettings = {
				COMBINE_HIDPI_IMAGES = YES;
				INFOPLIST_FILE = SumOfMultiplesTest/Info.plist;
				LD_RUNPATH_SEARCH_PATHS = "$(inherited) @executable_path/../Frameworks @loader_path/../Frameworks";
				PRODUCT_BUNDLE_IDENTIFIER = io.nnh.SumOfMultiplesTest;
				PRODUCT_NAME = "$(TARGET_NAME)";
				SWIFT_ACTIVE_COMPILATION_CONDITIONS = DEBUG;
				SWIFT_VERSION = 3.0;
			};
			name = Debug;
		};
		F9D2000E1DA6E09C002435F2 /* Release */ = {
			isa = XCBuildConfiguration;
			buildSettings = {
				COMBINE_HIDPI_IMAGES = YES;
				INFOPLIST_FILE = SumOfMultiplesTest/Info.plist;
				LD_RUNPATH_SEARCH_PATHS = "$(inherited) @executable_path/../Frameworks @loader_path/../Frameworks";
				PRODUCT_BUNDLE_IDENTIFIER = io.nnh.SumOfMultiplesTest;
				PRODUCT_NAME = "$(TARGET_NAME)";
				SWIFT_OPTIMIZATION_LEVEL = "-Owholemodule";
				SWIFT_VERSION = 3.0;
			};
			name = Release;
		};
		F9D2FFFE1DA6E06F002435F2 /* Debug */ = {
			isa = XCBuildConfiguration;
			buildSettings = {
				ALWAYS_SEARCH_USER_PATHS = NO;
				CLANG_ANALYZER_NONNULL = YES;
				CLANG_CXX_LANGUAGE_STANDARD = "gnu++0x";
				CLANG_CXX_LIBRARY = "libc++";
				CLANG_ENABLE_MODULES = YES;
				CLANG_ENABLE_OBJC_ARC = YES;
				CLANG_WARN_BOOL_CONVERSION = YES;
				CLANG_WARN_CONSTANT_CONVERSION = YES;
				CLANG_WARN_DIRECT_OBJC_ISA_USAGE = YES_ERROR;
				CLANG_WARN_DOCUMENTATION_COMMENTS = YES;
				CLANG_WARN_EMPTY_BODY = YES;
				CLANG_WARN_ENUM_CONVERSION = YES;
				CLANG_WARN_INFINITE_RECURSION = YES;
				CLANG_WARN_INT_CONVERSION = YES;
				CLANG_WARN_OBJC_ROOT_CLASS = YES_ERROR;
				CLANG_WARN_SUSPICIOUS_MOVES = YES;
				CLANG_WARN_UNREACHABLE_CODE = YES;
				CLANG_WARN__DUPLICATE_METHOD_MATCH = YES;
				CODE_SIGN_IDENTITY = "-";
				COPY_PHASE_STRIP = NO;
				DEBUG_INFORMATION_FORMAT = dwarf;
				ENABLE_STRICT_OBJC_MSGSEND = YES;
				ENABLE_TESTABILITY = YES;
				GCC_C_LANGUAGE_STANDARD = gnu99;
				GCC_DYNAMIC_NO_PIC = NO;
				GCC_NO_COMMON_BLOCKS = YES;
				GCC_OPTIMIZATION_LEVEL = 0;
				GCC_PREPROCESSOR_DEFINITIONS = (
					"DEBUG=1",
					"$(inherited)",
				);
				GCC_WARN_64_TO_32_BIT_CONVERSION = YES;
				GCC_WARN_ABOUT_RETURN_TYPE = YES_ERROR;
				GCC_WARN_UNDECLARED_SELECTOR = YES;
				GCC_WARN_UNINITIALIZED_AUTOS = YES_AGGRESSIVE;
				GCC_WARN_UNUSED_FUNCTION = YES;
				GCC_WARN_UNUSED_VARIABLE = YES;
				MACOSX_DEPLOYMENT_TARGET = 10.12;
				MTL_ENABLE_DEBUG_INFO = YES;
				ONLY_ACTIVE_ARCH = YES;
				SDKROOT = macosx;
				SWIFT_OPTIMIZATION_LEVEL = "-Onone";
			};
			name = Debug;
		};
		F9D2FFFF1DA6E06F002435F2 /* Release */ = {
			isa = XCBuildConfiguration;
			buildSettings = {
				ALWAYS_SEARCH_USER_PATHS = NO;
				CLANG_ANALYZER_NONNULL = YES;
				CLANG_CXX_LANGUAGE_STANDARD = "gnu++0x";
				CLANG_CXX_LIBRARY = "libc++";
				CLANG_ENABLE_MODULES = YES;
				CLANG_ENABLE_OBJC_ARC = YES;
				CLANG_WARN_BOOL_CONVERSION = YES;
				CLANG_WARN_CONSTANT_CONVERSION = YES;
				CLANG_WARN_DIRECT_OBJC_ISA_USAGE = YES_ERROR;
				CLANG_WARN_DOCUMENTATION_COMMENTS = YES;
				CLANG_WARN_EMPTY_BODY = YES;
				CLANG_WARN_ENUM_CONVERSION = YES;
				CLANG_WARN_INFINITE_RECURSION = YES;
				CLANG_WARN_INT_CONVERSION = YES;
				CLANG_WARN_OBJC_ROOT_CLASS = YES_ERROR;
				CLANG_WARN_SUSPICIOUS_MOVES = YES;
				CLANG_WARN_UNREACHABLE_CODE = YES;
				CLANG_WARN__DUPLICATE_METHOD_MATCH = YES;
				CODE_SIGN_IDENTITY = "-";
				COPY_PHASE_STRIP = NO;
				DEBUG_INFORMATION_FORMAT = "dwarf-with-dsym";
				ENABLE_NS_ASSERTIONS = NO;
				ENABLE_STRICT_OBJC_MSGSEND = YES;
				GCC_C_LANGUAGE_STANDARD = gnu99;
				GCC_NO_COMMON_BLOCKS = YES;
				GCC_WARN_64_TO_32_BIT_CONVERSION = YES;
				GCC_WARN_ABOUT_RETURN_TYPE = YES_ERROR;
				GCC_WARN_UNDECLARED_SELECTOR = YES;
				GCC_WARN_UNINITIALIZED_AUTOS = YES_AGGRESSIVE;
				GCC_WARN_UNUSED_FUNCTION = YES;
				GCC_WARN_UNUSED_VARIABLE = YES;
				MACOSX_DEPLOYMENT_TARGET = 10.12;
				MTL_ENABLE_DEBUG_INFO = NO;
				SDKROOT = macosx;
			};
			name = Release;
		};
/* End XCBuildConfiguration section */

/* Begin XCConfigurationList section */
		F9D200001DA6E06F002435F2 /* Build configuration list for PBXNativeTarget "sum of multiples" */ = {
			isa = XCConfigurationList;
			buildConfigurations = (
				F9D200011DA6E06F002435F2 /* Debug */,
				F9D200021DA6E06F002435F2 /* Release */,
			);
			defaultConfigurationIsVisible = 0;
		};
		F9D2000C1DA6E09C002435F2 /* Build configuration list for PBXNativeTarget "SumOfMultiplesTest" */ = {
			isa = XCConfigurationList;
			buildConfigurations = (
				F9D2000D1DA6E09C002435F2 /* Debug */,
				F9D2000E1DA6E09C002435F2 /* Release */,
			);
			defaultConfigurationIsVisible = 0;
		};
		F9D2FFF41DA6E06F002435F2 /* Build configuration list for PBXProject "sum of multiples" */ = {
			isa = XCConfigurationList;
			buildConfigurations = (
				F9D2FFFE1DA6E06F002435F2 /* Debug */,
				F9D2FFFF1DA6E06F002435F2 /* Release */,
			);
			defaultConfigurationIsVisible = 0;
			defaultConfigurationName = Release;
		};
/* End XCConfigurationList section */
	};
	rootObject = F9D2FFF11DA6E06F002435F2 /* Project object */;
}
