// !$*UTF8*$!
{
	archiveVersion = 1;
	classes = {
	};
	objectVersion = 46;
	objects = {

/* Begin PBXBuildFile section */
		F94D31771DB821ED00410A2F /* main.swift in Sources */ = {isa = PBXBuildFile; fileRef = F94D31761DB821ED00410A2F /* main.swift */; };
		F94D31841DB821F800410A2F /* EtlTest.swift in Sources */ = {isa = PBXBuildFile; fileRef = F94D31831DB821F800410A2F /* EtlTest.swift */; };
		F94D31891DB821FC00410A2F /* main.swift in Sources */ = {isa = PBXBuildFile; fileRef = F94D31761DB821ED00410A2F /* main.swift */; };
/* End PBXBuildFile section */

/* Begin PBXCopyFilesBuildPhase section */
		F94D31711DB821ED00410A2F /* CopyFiles */ = {
			isa = PBXCopyFilesBuildPhase;
			buildActionMask = 2147483647;
			dstPath = /usr/share/man/man1/;
			dstSubfolderSpec = 0;
			files = (
			);
			runOnlyForDeploymentPostprocessing = 1;
		};
/* End PBXCopyFilesBuildPhase section */

/* Begin PBXFileReference section */
		F94D31731DB821ED00410A2F /* etl */ = {isa = PBXFileReference; explicitFileType = "compiled.mach-o.executable"; includeInIndex = 0; path = etl; sourceTree = BUILT_PRODUCTS_DIR; };
		F94D31761DB821ED00410A2F /* main.swift */ = {isa = PBXFileReference; lastKnownFileType = sourcecode.swift; path = main.swift; sourceTree = "<group>"; };
		F94D31811DB821F800410A2F /* EtlTest.xctest */ = {isa = PBXFileReference; explicitFileType = wrapper.cfbundle; includeInIndex = 0; path = EtlTest.xctest; sourceTree = BUILT_PRODUCTS_DIR; };
		F94D31831DB821F800410A2F /* EtlTest.swift */ = {isa = PBXFileReference; lastKnownFileType = sourcecode.swift; path = EtlTest.swift; sourceTree = "<group>"; };
		F94D31851DB821F800410A2F /* Info.plist */ = {isa = PBXFileReference; lastKnownFileType = text.plist.xml; path = Info.plist; sourceTree = "<group>"; };
/* End PBXFileReference section */

/* Begin PBXFrameworksBuildPhase section */
		F94D31701DB821ED00410A2F /* Frameworks */ = {
			isa = PBXFrameworksBuildPhase;
			buildActionMask = 2147483647;
			files = (
			);
			runOnlyForDeploymentPostprocessing = 0;
		};
		F94D317E1DB821F800410A2F /* Frameworks */ = {
			isa = PBXFrameworksBuildPhase;
			buildActionMask = 2147483647;
			files = (
			);
			runOnlyForDeploymentPostprocessing = 0;
		};
/* End PBXFrameworksBuildPhase section */

/* Begin PBXGroup section */
		F94D316A1DB821ED00410A2F = {
			isa = PBXGroup;
			children = (
				F94D31751DB821ED00410A2F /* etl */,
				F94D31821DB821F800410A2F /* EtlTest */,
				F94D31741DB821ED00410A2F /* Products */,
			);
			sourceTree = "<group>";
		};
		F94D31741DB821ED00410A2F /* Products */ = {
			isa = PBXGroup;
			children = (
				F94D31731DB821ED00410A2F /* etl */,
				F94D31811DB821F800410A2F /* EtlTest.xctest */,
			);
			name = Products;
			sourceTree = "<group>";
		};
		F94D31751DB821ED00410A2F /* etl */ = {
			isa = PBXGroup;
			children = (
				F94D31761DB821ED00410A2F /* main.swift */,
			);
			path = etl;
			sourceTree = "<group>";
		};
		F94D31821DB821F800410A2F /* EtlTest */ = {
			isa = PBXGroup;
			children = (
				F94D31831DB821F800410A2F /* EtlTest.swift */,
				F94D31851DB821F800410A2F /* Info.plist */,
			);
			path = EtlTest;
			sourceTree = "<group>";
		};
/* End PBXGroup section */

/* Begin PBXNativeTarget section */
		F94D31721DB821ED00410A2F /* etl */ = {
			isa = PBXNativeTarget;
			buildConfigurationList = F94D317A1DB821ED00410A2F /* Build configuration list for PBXNativeTarget "etl" */;
			buildPhases = (
				F94D316F1DB821ED00410A2F /* Sources */,
				F94D31701DB821ED00410A2F /* Frameworks */,
				F94D31711DB821ED00410A2F /* CopyFiles */,
			);
			buildRules = (
			);
			dependencies = (
			);
			name = etl;
			productName = etl;
			productReference = F94D31731DB821ED00410A2F /* etl */;
			productType = "com.apple.product-type.tool";
		};
		F94D31801DB821F800410A2F /* EtlTest */ = {
			isa = PBXNativeTarget;
			buildConfigurationList = F94D31861DB821F800410A2F /* Build configuration list for PBXNativeTarget "EtlTest" */;
			buildPhases = (
				F94D317D1DB821F800410A2F /* Sources */,
				F94D317E1DB821F800410A2F /* Frameworks */,
				F94D317F1DB821F800410A2F /* Resources */,
			);
			buildRules = (
			);
			dependencies = (
			);
			name = EtlTest;
			productName = EtlTest;
			productReference = F94D31811DB821F800410A2F /* EtlTest.xctest */;
			productType = "com.apple.product-type.bundle.unit-test";
		};
/* End PBXNativeTarget section */

/* Begin PBXProject section */
		F94D316B1DB821ED00410A2F /* Project object */ = {
			isa = PBXProject;
			attributes = {
				LastSwiftUpdateCheck = 0800;
				LastUpgradeCheck = 0800;
				ORGANIZATIONNAME = nvnehi;
				TargetAttributes = {
					F94D31721DB821ED00410A2F = {
						CreatedOnToolsVersion = 8.0;
						ProvisioningStyle = Automatic;
					};
					F94D31801DB821F800410A2F = {
						CreatedOnToolsVersion = 8.0;
						ProvisioningStyle = Automatic;
					};
				};
			};
			buildConfigurationList = F94D316E1DB821ED00410A2F /* Build configuration list for PBXProject "etl" */;
			compatibilityVersion = "Xcode 3.2";
			developmentRegion = English;
			hasScannedForEncodings = 0;
			knownRegions = (
				en,
			);
			mainGroup = F94D316A1DB821ED00410A2F;
			productRefGroup = F94D31741DB821ED00410A2F /* Products */;
			projectDirPath = "";
			projectRoot = "";
			targets = (
				F94D31721DB821ED00410A2F /* etl */,
				F94D31801DB821F800410A2F /* EtlTest */,
			);
		};
/* End PBXProject section */

/* Begin PBXResourcesBuildPhase section */
		F94D317F1DB821F800410A2F /* Resources */ = {
			isa = PBXResourcesBuildPhase;
			buildActionMask = 2147483647;
			files = (
			);
			runOnlyForDeploymentPostprocessing = 0;
		};
/* End PBXResourcesBuildPhase section */

/* Begin PBXSourcesBuildPhase section */
		F94D316F1DB821ED00410A2F /* Sources */ = {
			isa = PBXSourcesBuildPhase;
			buildActionMask = 2147483647;
			files = (
				F94D31771DB821ED00410A2F /* main.swift in Sources */,
			);
			runOnlyForDeploymentPostprocessing = 0;
		};
		F94D317D1DB821F800410A2F /* Sources */ = {
			isa = PBXSourcesBuildPhase;
			buildActionMask = 2147483647;
			files = (
				F94D31891DB821FC00410A2F /* main.swift in Sources */,
				F94D31841DB821F800410A2F /* EtlTest.swift in Sources */,
			);
			runOnlyForDeploymentPostprocessing = 0;
		};
/* End PBXSourcesBuildPhase section */

/* Begin XCBuildConfiguration section */
		F94D31781DB821ED00410A2F /* Debug */ = {
			isa = XCBuildConfiguration;
			buildSettings = {
				ALWAYS_SEARCH_USER_PATHS = NO;
				CLANG_ANALYZER_NONNULL = YES;
				CLANG_CXX_LANGUAGE_STANDARD = "gnu++0x";
				CLANG_CXX_LIBRARY = "libc++";
				CLANG_ENABLE_MODULES = YES;
				CLANG_ENABLE_OBJC_ARC = YES;
				CLANG_WARN_BOOL_CONVERSION = YES;
				CLANG_WARN_CONSTANT_CONVERSION = YES;
				CLANG_WARN_DIRECT_OBJC_ISA_USAGE = YES_ERROR;
				CLANG_WARN_DOCUMENTATION_COMMENTS = YES;
				CLANG_WARN_EMPTY_BODY = YES;
				CLANG_WARN_ENUM_CONVERSION = YES;
				CLANG_WARN_INFINITE_RECURSION = YES;
				CLANG_WARN_INT_CONVERSION = YES;
				CLANG_WARN_OBJC_ROOT_CLASS = YES_ERROR;
				CLANG_WARN_SUSPICIOUS_MOVES = YES;
				CLANG_WARN_UNREACHABLE_CODE = YES;
				CLANG_WARN__DUPLICATE_METHOD_MATCH = YES;
				CODE_SIGN_IDENTITY = "-";
				COPY_PHASE_STRIP = NO;
				DEBUG_INFORMATION_FORMAT = dwarf;
				ENABLE_STRICT_OBJC_MSGSEND = YES;
				ENABLE_TESTABILITY = YES;
				GCC_C_LANGUAGE_STANDARD = gnu99;
				GCC_DYNAMIC_NO_PIC = NO;
				GCC_NO_COMMON_BLOCKS = YES;
				GCC_OPTIMIZATION_LEVEL = 0;
				GCC_PREPROCESSOR_DEFINITIONS = (
					"DEBUG=1",
					"$(inherited)",
				);
				GCC_WARN_64_TO_32_BIT_CONVERSION = YES;
				GCC_WARN_ABOUT_RETURN_TYPE = YES_ERROR;
				GCC_WARN_UNDECLARED_SELECTOR = YES;
				GCC_WARN_UNINITIALIZED_AUTOS = YES_AGGRESSIVE;
				GCC_WARN_UNUSED_FUNCTION = YES;
				GCC_WARN_UNUSED_VARIABLE = YES;
				MACOSX_DEPLOYMENT_TARGET = 10.12;
				MTL_ENABLE_DEBUG_INFO = YES;
				ONLY_ACTIVE_ARCH = YES;
				SDKROOT = macosx;
				SWIFT_OPTIMIZATION_LEVEL = "-Onone";
			};
			name = Debug;
		};
		F94D31791DB821ED00410A2F /* Release */ = {
			isa = XCBuildConfiguration;
			buildSettings = {
				ALWAYS_SEARCH_USER_PATHS = NO;
				CLANG_ANALYZER_NONNULL = YES;
				CLANG_CXX_LANGUAGE_STANDARD = "gnu++0x";
				CLANG_CXX_LIBRARY = "libc++";
				CLANG_ENABLE_MODULES = YES;
				CLANG_ENABLE_OBJC_ARC = YES;
				CLANG_WARN_BOOL_CONVERSION = YES;
				CLANG_WARN_CONSTANT_CONVERSION = YES;
				CLANG_WARN_DIRECT_OBJC_ISA_USAGE = YES_ERROR;
				CLANG_WARN_DOCUMENTATION_COMMENTS = YES;
				CLANG_WARN_EMPTY_BODY = YES;
				CLANG_WARN_ENUM_CONVERSION = YES;
				CLANG_WARN_INFINITE_RECURSION = YES;
				CLANG_WARN_INT_CONVERSION = YES;
				CLANG_WARN_OBJC_ROOT_CLASS = YES_ERROR;
				CLANG_WARN_SUSPICIOUS_MOVES = YES;
				CLANG_WARN_UNREACHABLE_CODE = YES;
				CLANG_WARN__DUPLICATE_METHOD_MATCH = YES;
				CODE_SIGN_IDENTITY = "-";
				COPY_PHASE_STRIP = NO;
				DEBUG_INFORMATION_FORMAT = "dwarf-with-dsym";
				ENABLE_NS_ASSERTIONS = NO;
				ENABLE_STRICT_OBJC_MSGSEND = YES;
				GCC_C_LANGUAGE_STANDARD = gnu99;
				GCC_NO_COMMON_BLOCKS = YES;
				GCC_WARN_64_TO_32_BIT_CONVERSION = YES;
				GCC_WARN_ABOUT_RETURN_TYPE = YES_ERROR;
				GCC_WARN_UNDECLARED_SELECTOR = YES;
				GCC_WARN_UNINITIALIZED_AUTOS = YES_AGGRESSIVE;
				GCC_WARN_UNUSED_FUNCTION = YES;
				GCC_WARN_UNUSED_VARIABLE = YES;
				MACOSX_DEPLOYMENT_TARGET = 10.12;
				MTL_ENABLE_DEBUG_INFO = NO;
				SDKROOT = macosx;
			};
			name = Release;
		};
		F94D317B1DB821ED00410A2F /* Debug */ = {
			isa = XCBuildConfiguration;
			buildSettings = {
				PRODUCT_NAME = "$(TARGET_NAME)";
				SWIFT_VERSION = 3.0;
			};
			name = Debug;
		};
		F94D317C1DB821ED00410A2F /* Release */ = {
			isa = XCBuildConfiguration;
			buildSettings = {
				PRODUCT_NAME = "$(TARGET_NAME)";
				SWIFT_VERSION = 3.0;
			};
			name = Release;
		};
		F94D31871DB821F800410A2F /* Debug */ = {
			isa = XCBuildConfiguration;
			buildSettings = {
				COMBINE_HIDPI_IMAGES = YES;
				INFOPLIST_FILE = EtlTest/Info.plist;
				LD_RUNPATH_SEARCH_PATHS = "$(inherited) @executable_path/../Frameworks @loader_path/../Frameworks";
				PRODUCT_BUNDLE_IDENTIFIER = io.nnh.EtlTest;
				PRODUCT_NAME = "$(TARGET_NAME)";
				SWIFT_ACTIVE_COMPILATION_CONDITIONS = DEBUG;
				SWIFT_VERSION = 3.0;
			};
			name = Debug;
		};
		F94D31881DB821F800410A2F /* Release */ = {
			isa = XCBuildConfiguration;
			buildSettings = {
				COMBINE_HIDPI_IMAGES = YES;
				INFOPLIST_FILE = EtlTest/Info.plist;
				LD_RUNPATH_SEARCH_PATHS = "$(inherited) @executable_path/../Frameworks @loader_path/../Frameworks";
				PRODUCT_BUNDLE_IDENTIFIER = io.nnh.EtlTest;
				PRODUCT_NAME = "$(TARGET_NAME)";
				SWIFT_OPTIMIZATION_LEVEL = "-Owholemodule";
				SWIFT_VERSION = 3.0;
			};
			name = Release;
		};
/* End XCBuildConfiguration section */

/* Begin XCConfigurationList section */
		F94D316E1DB821ED00410A2F /* Build configuration list for PBXProject "etl" */ = {
			isa = XCConfigurationList;
			buildConfigurations = (
				F94D31781DB821ED00410A2F /* Debug */,
				F94D31791DB821ED00410A2F /* Release */,
			);
			defaultConfigurationIsVisible = 0;
			defaultConfigurationName = Release;
		};
		F94D317A1DB821ED00410A2F /* Build configuration list for PBXNativeTarget "etl" */ = {
			isa = XCConfigurationList;
			buildConfigurations = (
				F94D317B1DB821ED00410A2F /* Debug */,
				F94D317C1DB821ED00410A2F /* Release */,
			);
			defaultConfigurationIsVisible = 0;
		};
		F94D31861DB821F800410A2F /* Build configuration list for PBXNativeTarget "EtlTest" */ = {
			isa = XCConfigurationList;
			buildConfigurations = (
				F94D31871DB821F800410A2F /* Debug */,
				F94D31881DB821F800410A2F /* Release */,
			);
			defaultConfigurationIsVisible = 0;
		};
/* End XCConfigurationList section */
	};
	rootObject = F94D316B1DB821ED00410A2F /* Project object */;
}
