// !$*UTF8*$!
{
	archiveVersion = 1;
	classes = {
	};
	objectVersion = 46;
	objects = {

/* Begin PBXBuildFile section */
		F91A7F1D1DA1729700294BAF /* main.swift in Sources */ = {isa = PBXBuildFile; fileRef = F91A7F1C1DA1729700294BAF /* main.swift */; };
		F91A7F2A1DA172F400294BAF /* GigasecondTest.swift in Sources */ = {isa = PBXBuildFile; fileRef = F91A7F291DA172F400294BAF /* GigasecondTest.swift */; };
		F91A7F301DA174A900294BAF /* main.swift in Sources */ = {isa = PBXBuildFile; fileRef = F91A7F1C1DA1729700294BAF /* main.swift */; };
/* End PBXBuildFile section */

/* Begin PBXCopyFilesBuildPhase section */
		F91A7F171DA1729700294BAF /* CopyFiles */ = {
			isa = PBXCopyFilesBuildPhase;
			buildActionMask = 2147483647;
			dstPath = /usr/share/man/man1/;
			dstSubfolderSpec = 0;
			files = (
			);
			runOnlyForDeploymentPostprocessing = 1;
		};
/* End PBXCopyFilesBuildPhase section */

/* Begin PBXFileReference section */
		F91A7F191DA1729700294BAF /* gigasecond */ = {isa = PBXFileReference; explicitFileType = "compiled.mach-o.executable"; includeInIndex = 0; path = gigasecond; sourceTree = BUILT_PRODUCTS_DIR; };
		F91A7F1C1DA1729700294BAF /* main.swift */ = {isa = PBXFileReference; lastKnownFileType = sourcecode.swift; path = main.swift; sourceTree = "<group>"; };
		F91A7F271DA172F400294BAF /* GigasecondTest.xctest */ = {isa = PBXFileReference; explicitFileType = wrapper.cfbundle; includeInIndex = 0; path = GigasecondTest.xctest; sourceTree = BUILT_PRODUCTS_DIR; };
		F91A7F291DA172F400294BAF /* GigasecondTest.swift */ = {isa = PBXFileReference; lastKnownFileType = sourcecode.swift; path = GigasecondTest.swift; sourceTree = "<group>"; };
		F91A7F2B1DA172F400294BAF /* Info.plist */ = {isa = PBXFileReference; lastKnownFileType = text.plist.xml; path = Info.plist; sourceTree = "<group>"; };
/* End PBXFileReference section */

/* Begin PBXFrameworksBuildPhase section */
		F91A7F161DA1729700294BAF /* Frameworks */ = {
			isa = PBXFrameworksBuildPhase;
			buildActionMask = 2147483647;
			files = (
			);
			runOnlyForDeploymentPostprocessing = 0;
		};
		F91A7F241DA172F400294BAF /* Frameworks */ = {
			isa = PBXFrameworksBuildPhase;
			buildActionMask = 2147483647;
			files = (
			);
			runOnlyForDeploymentPostprocessing = 0;
		};
/* End PBXFrameworksBuildPhase section */

/* Begin PBXGroup section */
		F91A7F101DA1729700294BAF = {
			isa = PBXGroup;
			children = (
				F91A7F1B1DA1729700294BAF /* gigasecond */,
				F91A7F281DA172F400294BAF /* GigasecondTest */,
				F91A7F1A1DA1729700294BAF /* Products */,
			);
			sourceTree = "<group>";
		};
		F91A7F1A1DA1729700294BAF /* Products */ = {
			isa = PBXGroup;
			children = (
				F91A7F191DA1729700294BAF /* gigasecond */,
				F91A7F271DA172F400294BAF /* GigasecondTest.xctest */,
			);
			name = Products;
			sourceTree = "<group>";
		};
		F91A7F1B1DA1729700294BAF /* gigasecond */ = {
			isa = PBXGroup;
			children = (
				F91A7F1C1DA1729700294BAF /* main.swift */,
			);
			path = gigasecond;
			sourceTree = "<group>";
		};
		F91A7F281DA172F400294BAF /* GigasecondTest */ = {
			isa = PBXGroup;
			children = (
				F91A7F291DA172F400294BAF /* GigasecondTest.swift */,
				F91A7F2B1DA172F400294BAF /* Info.plist */,
			);
			path = GigasecondTest;
			sourceTree = "<group>";
		};
/* End PBXGroup section */

/* Begin PBXNativeTarget section */
		F91A7F181DA1729700294BAF /* gigasecond */ = {
			isa = PBXNativeTarget;
			buildConfigurationList = F91A7F201DA1729700294BAF /* Build configuration list for PBXNativeTarget "gigasecond" */;
			buildPhases = (
				F91A7F151DA1729700294BAF /* Sources */,
				F91A7F161DA1729700294BAF /* Frameworks */,
				F91A7F171DA1729700294BAF /* CopyFiles */,
			);
			buildRules = (
			);
			dependencies = (
			);
			name = gigasecond;
			productName = gigasecond;
			productReference = F91A7F191DA1729700294BAF /* gigasecond */;
			productType = "com.apple.product-type.tool";
		};
		F91A7F261DA172F400294BAF /* GigasecondTest */ = {
			isa = PBXNativeTarget;
			buildConfigurationList = F91A7F2C1DA172F400294BAF /* Build configuration list for PBXNativeTarget "GigasecondTest" */;
			buildPhases = (
				F91A7F231DA172F400294BAF /* Sources */,
				F91A7F241DA172F400294BAF /* Frameworks */,
				F91A7F251DA172F400294BAF /* Resources */,
			);
			buildRules = (
			);
			dependencies = (
			);
			name = GigasecondTest;
			productName = GigasecondTest;
			productReference = F91A7F271DA172F400294BAF /* GigasecondTest.xctest */;
			productType = "com.apple.product-type.bundle.unit-test";
		};
/* End PBXNativeTarget section */

/* Begin PBXProject section */
		F91A7F111DA1729700294BAF /* Project object */ = {
			isa = PBXProject;
			attributes = {
				LastSwiftUpdateCheck = 0800;
				LastUpgradeCheck = 0800;
				ORGANIZATIONNAME = nvnehi;
				TargetAttributes = {
					F91A7F181DA1729700294BAF = {
						CreatedOnToolsVersion = 8.0;
						ProvisioningStyle = Automatic;
					};
					F91A7F261DA172F400294BAF = {
						CreatedOnToolsVersion = 8.0;
						ProvisioningStyle = Automatic;
					};
				};
			};
			buildConfigurationList = F91A7F141DA1729700294BAF /* Build configuration list for PBXProject "gigasecond" */;
			compatibilityVersion = "Xcode 3.2";
			developmentRegion = English;
			hasScannedForEncodings = 0;
			knownRegions = (
				en,
			);
			mainGroup = F91A7F101DA1729700294BAF;
			productRefGroup = F91A7F1A1DA1729700294BAF /* Products */;
			projectDirPath = "";
			projectRoot = "";
			targets = (
				F91A7F181DA1729700294BAF /* gigasecond */,
				F91A7F261DA172F400294BAF /* GigasecondTest */,
			);
		};
/* End PBXProject section */

/* Begin PBXResourcesBuildPhase section */
		F91A7F251DA172F400294BAF /* Resources */ = {
			isa = PBXResourcesBuildPhase;
			buildActionMask = 2147483647;
			files = (
			);
			runOnlyForDeploymentPostprocessing = 0;
		};
/* End PBXResourcesBuildPhase section */

/* Begin PBXSourcesBuildPhase section */
		F91A7F151DA1729700294BAF /* Sources */ = {
			isa = PBXSourcesBuildPhase;
			buildActionMask = 2147483647;
			files = (
				F91A7F1D1DA1729700294BAF /* main.swift in Sources */,
			);
			runOnlyForDeploymentPostprocessing = 0;
		};
		F91A7F231DA172F400294BAF /* Sources */ = {
			isa = PBXSourcesBuildPhase;
			buildActionMask = 2147483647;
			files = (
				F91A7F2A1DA172F400294BAF /* GigasecondTest.swift in Sources */,
				F91A7F301DA174A900294BAF /* main.swift in Sources */,
			);
			runOnlyForDeploymentPostprocessing = 0;
		};
/* End PBXSourcesBuildPhase section */

/* Begin XCBuildConfiguration section */
		F91A7F1E1DA1729700294BAF /* Debug */ = {
			isa = XCBuildConfiguration;
			buildSettings = {
				ALWAYS_SEARCH_USER_PATHS = NO;
				CLANG_ANALYZER_NONNULL = YES;
				CLANG_CXX_LANGUAGE_STANDARD = "gnu++0x";
				CLANG_CXX_LIBRARY = "libc++";
				CLANG_ENABLE_MODULES = YES;
				CLANG_ENABLE_OBJC_ARC = YES;
				CLANG_WARN_BOOL_CONVERSION = YES;
				CLANG_WARN_CONSTANT_CONVERSION = YES;
				CLANG_WARN_DIRECT_OBJC_ISA_USAGE = YES_ERROR;
				CLANG_WARN_DOCUMENTATION_COMMENTS = YES;
				CLANG_WARN_EMPTY_BODY = YES;
				CLANG_WARN_ENUM_CONVERSION = YES;
				CLANG_WARN_INFINITE_RECURSION = YES;
				CLANG_WARN_INT_CONVERSION = YES;
				CLANG_WARN_OBJC_ROOT_CLASS = YES_ERROR;
				CLANG_WARN_SUSPICIOUS_MOVES = YES;
				CLANG_WARN_UNREACHABLE_CODE = YES;
				CLANG_WARN__DUPLICATE_METHOD_MATCH = YES;
				CODE_SIGN_IDENTITY = "-";
				COPY_PHASE_STRIP = NO;
				DEBUG_INFORMATION_FORMAT = dwarf;
				ENABLE_STRICT_OBJC_MSGSEND = YES;
				ENABLE_TESTABILITY = YES;
				GCC_C_LANGUAGE_STANDARD = gnu99;
				GCC_DYNAMIC_NO_PIC = NO;
				GCC_NO_COMMON_BLOCKS = YES;
				GCC_OPTIMIZATION_LEVEL = 0;
				GCC_PREPROCESSOR_DEFINITIONS = (
					"DEBUG=1",
					"$(inherited)",
				);
				GCC_WARN_64_TO_32_BIT_CONVERSION = YES;
				GCC_WARN_ABOUT_RETURN_TYPE = YES_ERROR;
				GCC_WARN_UNDECLARED_SELECTOR = YES;
				GCC_WARN_UNINITIALIZED_AUTOS = YES_AGGRESSIVE;
				GCC_WARN_UNUSED_FUNCTION = YES;
				GCC_WARN_UNUSED_VARIABLE = YES;
				MACOSX_DEPLOYMENT_TARGET = 10.12;
				MTL_ENABLE_DEBUG_INFO = YES;
				ONLY_ACTIVE_ARCH = YES;
				SDKROOT = macosx;
				SWIFT_OPTIMIZATION_LEVEL = "-Onone";
			};
			name = Debug;
		};
		F91A7F1F1DA1729700294BAF /* Release */ = {
			isa = XCBuildConfiguration;
			buildSettings = {
				ALWAYS_SEARCH_USER_PATHS = NO;
				CLANG_ANALYZER_NONNULL = YES;
				CLANG_CXX_LANGUAGE_STANDARD = "gnu++0x";
				CLANG_CXX_LIBRARY = "libc++";
				CLANG_ENABLE_MODULES = YES;
				CLANG_ENABLE_OBJC_ARC = YES;
				CLANG_WARN_BOOL_CONVERSION = YES;
				CLANG_WARN_CONSTANT_CONVERSION = YES;
				CLANG_WARN_DIRECT_OBJC_ISA_USAGE = YES_ERROR;
				CLANG_WARN_DOCUMENTATION_COMMENTS = YES;
				CLANG_WARN_EMPTY_BODY = YES;
				CLANG_WARN_ENUM_CONVERSION = YES;
				CLANG_WARN_INFINITE_RECURSION = YES;
				CLANG_WARN_INT_CONVERSION = YES;
				CLANG_WARN_OBJC_ROOT_CLASS = YES_ERROR;
				CLANG_WARN_SUSPICIOUS_MOVES = YES;
				CLANG_WARN_UNREACHABLE_CODE = YES;
				CLANG_WARN__DUPLICATE_METHOD_MATCH = YES;
				CODE_SIGN_IDENTITY = "-";
				COPY_PHASE_STRIP = NO;
				DEBUG_INFORMATION_FORMAT = "dwarf-with-dsym";
				ENABLE_NS_ASSERTIONS = NO;
				ENABLE_STRICT_OBJC_MSGSEND = YES;
				ENABLE_TESTABILITY = NO;
				GCC_C_LANGUAGE_STANDARD = gnu99;
				GCC_NO_COMMON_BLOCKS = YES;
				GCC_WARN_64_TO_32_BIT_CONVERSION = YES;
				GCC_WARN_ABOUT_RETURN_TYPE = YES_ERROR;
				GCC_WARN_UNDECLARED_SELECTOR = YES;
				GCC_WARN_UNINITIALIZED_AUTOS = YES_AGGRESSIVE;
				GCC_WARN_UNUSED_FUNCTION = YES;
				GCC_WARN_UNUSED_VARIABLE = YES;
				MACOSX_DEPLOYMENT_TARGET = 10.12;
				MTL_ENABLE_DEBUG_INFO = NO;
				SDKROOT = macosx;
			};
			name = Release;
		};
		F91A7F211DA1729700294BAF /* Debug */ = {
			isa = XCBuildConfiguration;
			buildSettings = {
				PRODUCT_NAME = "$(TARGET_NAME)";
				SWIFT_VERSION = 3.0;
			};
			name = Debug;
		};
		F91A7F221DA1729700294BAF /* Release */ = {
			isa = XCBuildConfiguration;
			buildSettings = {
				PRODUCT_NAME = "$(TARGET_NAME)";
				SWIFT_VERSION = 3.0;
			};
			name = Release;
		};
		F91A7F2D1DA172F400294BAF /* Debug */ = {
			isa = XCBuildConfiguration;
			buildSettings = {
				COMBINE_HIDPI_IMAGES = YES;
				INFOPLIST_FILE = GigasecondTest/Info.plist;
				LD_RUNPATH_SEARCH_PATHS = "$(inherited) @executable_path/../Frameworks @loader_path/../Frameworks";
				PRODUCT_BUNDLE_IDENTIFIER = io.nnh.GigasecondTest;
				PRODUCT_NAME = "$(TARGET_NAME)";
				SWIFT_ACTIVE_COMPILATION_CONDITIONS = DEBUG;
				SWIFT_VERSION = 3.0;
			};
			name = Debug;
		};
		F91A7F2E1DA172F400294BAF /* Release */ = {
			isa = XCBuildConfiguration;
			buildSettings = {
				COMBINE_HIDPI_IMAGES = YES;
				INFOPLIST_FILE = GigasecondTest/Info.plist;
				LD_RUNPATH_SEARCH_PATHS = "$(inherited) @executable_path/../Frameworks @loader_path/../Frameworks";
				PRODUCT_BUNDLE_IDENTIFIER = io.nnh.GigasecondTest;
				PRODUCT_NAME = "$(TARGET_NAME)";
				SWIFT_OPTIMIZATION_LEVEL = "-Owholemodule";
				SWIFT_VERSION = 3.0;
			};
			name = Release;
		};
/* End XCBuildConfiguration section */

/* Begin XCConfigurationList section */
		F91A7F141DA1729700294BAF /* Build configuration list for PBXProject "gigasecond" */ = {
			isa = XCConfigurationList;
			buildConfigurations = (
				F91A7F1E1DA1729700294BAF /* Debug */,
				F91A7F1F1DA1729700294BAF /* Release */,
			);
			defaultConfigurationIsVisible = 0;
			defaultConfigurationName = Release;
		};
		F91A7F201DA1729700294BAF /* Build configuration list for PBXNativeTarget "gigasecond" */ = {
			isa = XCConfigurationList;
			buildConfigurations = (
				F91A7F211DA1729700294BAF /* Debug */,
				F91A7F221DA1729700294BAF /* Release */,
			);
			defaultConfigurationIsVisible = 0;
			defaultConfigurationName = Release;
		};
		F91A7F2C1DA172F400294BAF /* Build configuration list for PBXNativeTarget "GigasecondTest" */ = {
			isa = XCConfigurationList;
			buildConfigurations = (
				F91A7F2D1DA172F400294BAF /* Debug */,
				F91A7F2E1DA172F400294BAF /* Release */,
			);
			defaultConfigurationIsVisible = 0;
			defaultConfigurationName = Release;
		};
/* End XCConfigurationList section */
	};
	rootObject = F91A7F111DA1729700294BAF /* Project object */;
}
