// !$*UTF8*$!
{
	archiveVersion = 1;
	classes = {
	};
	objectVersion = 46;
	objects = {

/* Begin PBXBuildFile section */
		F9168E1F1DAC21AA0021FF93 /* main.swift in Sources */ = {isa = PBXBuildFile; fileRef = F9168E1E1DAC21AA0021FF93 /* main.swift */; };
		F9168E2C1DAC21BF0021FF93 /* BobTest.swift in Sources */ = {isa = PBXBuildFile; fileRef = F9168E2B1DAC21BF0021FF93 /* BobTest.swift */; };
		F9168E311DAC21C20021FF93 /* main.swift in Sources */ = {isa = PBXBuildFile; fileRef = F9168E1E1DAC21AA0021FF93 /* main.swift */; };
/* End PBXBuildFile section */

/* Begin PBXCopyFilesBuildPhase section */
		F9168E191DAC21AA0021FF93 /* CopyFiles */ = {
			isa = PBXCopyFilesBuildPhase;
			buildActionMask = 2147483647;
			dstPath = /usr/share/man/man1/;
			dstSubfolderSpec = 0;
			files = (
			);
			runOnlyForDeploymentPostprocessing = 1;
		};
/* End PBXCopyFilesBuildPhase section */

/* Begin PBXFileReference section */
		F9168E1B1DAC21AA0021FF93 /* bob */ = {isa = PBXFileReference; explicitFileType = "compiled.mach-o.executable"; includeInIndex = 0; path = bob; sourceTree = BUILT_PRODUCTS_DIR; };
		F9168E1E1DAC21AA0021FF93 /* main.swift */ = {isa = PBXFileReference; lastKnownFileType = sourcecode.swift; path = main.swift; sourceTree = "<group>"; };
		F9168E291DAC21BF0021FF93 /* BobTest.xctest */ = {isa = PBXFileReference; explicitFileType = wrapper.cfbundle; includeInIndex = 0; path = BobTest.xctest; sourceTree = BUILT_PRODUCTS_DIR; };
		F9168E2B1DAC21BF0021FF93 /* BobTest.swift */ = {isa = PBXFileReference; lastKnownFileType = sourcecode.swift; path = BobTest.swift; sourceTree = "<group>"; };
		F9168E2D1DAC21BF0021FF93 /* Info.plist */ = {isa = PBXFileReference; lastKnownFileType = text.plist.xml; path = Info.plist; sourceTree = "<group>"; };
/* End PBXFileReference section */

/* Begin PBXFrameworksBuildPhase section */
		F9168E181DAC21AA0021FF93 /* Frameworks */ = {
			isa = PBXFrameworksBuildPhase;
			buildActionMask = 2147483647;
			files = (
			);
			runOnlyForDeploymentPostprocessing = 0;
		};
		F9168E261DAC21BF0021FF93 /* Frameworks */ = {
			isa = PBXFrameworksBuildPhase;
			buildActionMask = 2147483647;
			files = (
			);
			runOnlyForDeploymentPostprocessing = 0;
		};
/* End PBXFrameworksBuildPhase section */

/* Begin PBXGroup section */
		F9168E121DAC21AA0021FF93 = {
			isa = PBXGroup;
			children = (
				F9168E1D1DAC21AA0021FF93 /* bob */,
				F9168E2A1DAC21BF0021FF93 /* BobTest */,
				F9168E1C1DAC21AA0021FF93 /* Products */,
			);
			sourceTree = "<group>";
		};
		F9168E1C1DAC21AA0021FF93 /* Products */ = {
			isa = PBXGroup;
			children = (
				F9168E1B1DAC21AA0021FF93 /* bob */,
				F9168E291DAC21BF0021FF93 /* BobTest.xctest */,
			);
			name = Products;
			sourceTree = "<group>";
		};
		F9168E1D1DAC21AA0021FF93 /* bob */ = {
			isa = PBXGroup;
			children = (
				F9168E1E1DAC21AA0021FF93 /* main.swift */,
			);
			path = bob;
			sourceTree = "<group>";
		};
		F9168E2A1DAC21BF0021FF93 /* BobTest */ = {
			isa = PBXGroup;
			children = (
				F9168E2B1DAC21BF0021FF93 /* BobTest.swift */,
				F9168E2D1DAC21BF0021FF93 /* Info.plist */,
			);
			path = BobTest;
			sourceTree = "<group>";
		};
/* End PBXGroup section */

/* Begin PBXNativeTarget section */
		F9168E1A1DAC21AA0021FF93 /* bob */ = {
			isa = PBXNativeTarget;
			buildConfigurationList = F9168E221DAC21AA0021FF93 /* Build configuration list for PBXNativeTarget "bob" */;
			buildPhases = (
				F9168E171DAC21AA0021FF93 /* Sources */,
				F9168E181DAC21AA0021FF93 /* Frameworks */,
				F9168E191DAC21AA0021FF93 /* CopyFiles */,
			);
			buildRules = (
			);
			dependencies = (
			);
			name = bob;
			productName = bob;
			productReference = F9168E1B1DAC21AA0021FF93 /* bob */;
			productType = "com.apple.product-type.tool";
		};
		F9168E281DAC21BF0021FF93 /* BobTest */ = {
			isa = PBXNativeTarget;
			buildConfigurationList = F9168E2E1DAC21BF0021FF93 /* Build configuration list for PBXNativeTarget "BobTest" */;
			buildPhases = (
				F9168E251DAC21BF0021FF93 /* Sources */,
				F9168E261DAC21BF0021FF93 /* Frameworks */,
				F9168E271DAC21BF0021FF93 /* Resources */,
			);
			buildRules = (
			);
			dependencies = (
			);
			name = BobTest;
			productName = BobTest;
			productReference = F9168E291DAC21BF0021FF93 /* BobTest.xctest */;
			productType = "com.apple.product-type.bundle.unit-test";
		};
/* End PBXNativeTarget section */

/* Begin PBXProject section */
		F9168E131DAC21AA0021FF93 /* Project object */ = {
			isa = PBXProject;
			attributes = {
				LastSwiftUpdateCheck = 0800;
				LastUpgradeCheck = 0800;
				ORGANIZATIONNAME = nvnehi;
				TargetAttributes = {
					F9168E1A1DAC21AA0021FF93 = {
						CreatedOnToolsVersion = 8.0;
						ProvisioningStyle = Automatic;
					};
					F9168E281DAC21BF0021FF93 = {
						CreatedOnToolsVersion = 8.0;
						ProvisioningStyle = Automatic;
					};
				};
			};
			buildConfigurationList = F9168E161DAC21AA0021FF93 /* Build configuration list for PBXProject "bob" */;
			compatibilityVersion = "Xcode 3.2";
			developmentRegion = English;
			hasScannedForEncodings = 0;
			knownRegions = (
				en,
			);
			mainGroup = F9168E121DAC21AA0021FF93;
			productRefGroup = F9168E1C1DAC21AA0021FF93 /* Products */;
			projectDirPath = "";
			projectRoot = "";
			targets = (
				F9168E1A1DAC21AA0021FF93 /* bob */,
				F9168E281DAC21BF0021FF93 /* BobTest */,
			);
		};
/* End PBXProject section */

/* Begin PBXResourcesBuildPhase section */
		F9168E271DAC21BF0021FF93 /* Resources */ = {
			isa = PBXResourcesBuildPhase;
			buildActionMask = 2147483647;
			files = (
			);
			runOnlyForDeploymentPostprocessing = 0;
		};
/* End PBXResourcesBuildPhase section */

/* Begin PBXSourcesBuildPhase section */
		F9168E171DAC21AA0021FF93 /* Sources */ = {
			isa = PBXSourcesBuildPhase;
			buildActionMask = 2147483647;
			files = (
				F9168E1F1DAC21AA0021FF93 /* main.swift in Sources */,
			);
			runOnlyForDeploymentPostprocessing = 0;
		};
		F9168E251DAC21BF0021FF93 /* Sources */ = {
			isa = PBXSourcesBuildPhase;
			buildActionMask = 2147483647;
			files = (
				F9168E311DAC21C20021FF93 /* main.swift in Sources */,
				F9168E2C1DAC21BF0021FF93 /* BobTest.swift in Sources */,
			);
			runOnlyForDeploymentPostprocessing = 0;
		};
/* End PBXSourcesBuildPhase section */

/* Begin XCBuildConfiguration section */
		F9168E201DAC21AA0021FF93 /* Debug */ = {
			isa = XCBuildConfiguration;
			buildSettings = {
				ALWAYS_SEARCH_USER_PATHS = NO;
				CLANG_ANALYZER_NONNULL = YES;
				CLANG_CXX_LANGUAGE_STANDARD = "gnu++0x";
				CLANG_CXX_LIBRARY = "libc++";
				CLANG_ENABLE_MODULES = YES;
				CLANG_ENABLE_OBJC_ARC = YES;
				CLANG_WARN_BOOL_CONVERSION = YES;
				CLANG_WARN_CONSTANT_CONVERSION = YES;
				CLANG_WARN_DIRECT_OBJC_ISA_USAGE = YES_ERROR;
				CLANG_WARN_DOCUMENTATION_COMMENTS = YES;
				CLANG_WARN_EMPTY_BODY = YES;
				CLANG_WARN_ENUM_CONVERSION = YES;
				CLANG_WARN_INFINITE_RECURSION = YES;
				CLANG_WARN_INT_CONVERSION = YES;
				CLANG_WARN_OBJC_ROOT_CLASS = YES_ERROR;
				CLANG_WARN_SUSPICIOUS_MOVES = YES;
				CLANG_WARN_UNREACHABLE_CODE = YES;
				CLANG_WARN__DUPLICATE_METHOD_MATCH = YES;
				CODE_SIGN_IDENTITY = "-";
				COPY_PHASE_STRIP = NO;
				DEBUG_INFORMATION_FORMAT = dwarf;
				ENABLE_STRICT_OBJC_MSGSEND = YES;
				ENABLE_TESTABILITY = YES;
				GCC_C_LANGUAGE_STANDARD = gnu99;
				GCC_DYNAMIC_NO_PIC = NO;
				GCC_NO_COMMON_BLOCKS = YES;
				GCC_OPTIMIZATION_LEVEL = 0;
				GCC_PREPROCESSOR_DEFINITIONS = (
					"DEBUG=1",
					"$(inherited)",
				);
				GCC_WARN_64_TO_32_BIT_CONVERSION = YES;
				GCC_WARN_ABOUT_RETURN_TYPE = YES_ERROR;
				GCC_WARN_UNDECLARED_SELECTOR = YES;
				GCC_WARN_UNINITIALIZED_AUTOS = YES_AGGRESSIVE;
				GCC_WARN_UNUSED_FUNCTION = YES;
				GCC_WARN_UNUSED_VARIABLE = YES;
				MACOSX_DEPLOYMENT_TARGET = 10.12;
				MTL_ENABLE_DEBUG_INFO = YES;
				ONLY_ACTIVE_ARCH = YES;
				SDKROOT = macosx;
				SWIFT_OPTIMIZATION_LEVEL = "-Onone";
			};
			name = Debug;
		};
		F9168E211DAC21AA0021FF93 /* Release */ = {
			isa = XCBuildConfiguration;
			buildSettings = {
				ALWAYS_SEARCH_USER_PATHS = NO;
				CLANG_ANALYZER_NONNULL = YES;
				CLANG_CXX_LANGUAGE_STANDARD = "gnu++0x";
				CLANG_CXX_LIBRARY = "libc++";
				CLANG_ENABLE_MODULES = YES;
				CLANG_ENABLE_OBJC_ARC = YES;
				CLANG_WARN_BOOL_CONVERSION = YES;
				CLANG_WARN_CONSTANT_CONVERSION = YES;
				CLANG_WARN_DIRECT_OBJC_ISA_USAGE = YES_ERROR;
				CLANG_WARN_DOCUMENTATION_COMMENTS = YES;
				CLANG_WARN_EMPTY_BODY = YES;
				CLANG_WARN_ENUM_CONVERSION = YES;
				CLANG_WARN_INFINITE_RECURSION = YES;
				CLANG_WARN_INT_CONVERSION = YES;
				CLANG_WARN_OBJC_ROOT_CLASS = YES_ERROR;
				CLANG_WARN_SUSPICIOUS_MOVES = YES;
				CLANG_WARN_UNREACHABLE_CODE = YES;
				CLANG_WARN__DUPLICATE_METHOD_MATCH = YES;
				CODE_SIGN_IDENTITY = "-";
				COPY_PHASE_STRIP = NO;
				DEBUG_INFORMATION_FORMAT = "dwarf-with-dsym";
				ENABLE_NS_ASSERTIONS = NO;
				ENABLE_STRICT_OBJC_MSGSEND = YES;
				GCC_C_LANGUAGE_STANDARD = gnu99;
				GCC_NO_COMMON_BLOCKS = YES;
				GCC_WARN_64_TO_32_BIT_CONVERSION = YES;
				GCC_WARN_ABOUT_RETURN_TYPE = YES_ERROR;
				GCC_WARN_UNDECLARED_SELECTOR = YES;
				GCC_WARN_UNINITIALIZED_AUTOS = YES_AGGRESSIVE;
				GCC_WARN_UNUSED_FUNCTION = YES;
				GCC_WARN_UNUSED_VARIABLE = YES;
				MACOSX_DEPLOYMENT_TARGET = 10.12;
				MTL_ENABLE_DEBUG_INFO = NO;
				SDKROOT = macosx;
			};
			name = Release;
		};
		F9168E231DAC21AA0021FF93 /* Debug */ = {
			isa = XCBuildConfiguration;
			buildSettings = {
				PRODUCT_NAME = "$(TARGET_NAME)";
				SWIFT_VERSION = 3.0;
			};
			name = Debug;
		};
		F9168E241DAC21AA0021FF93 /* Release */ = {
			isa = XCBuildConfiguration;
			buildSettings = {
				PRODUCT_NAME = "$(TARGET_NAME)";
				SWIFT_VERSION = 3.0;
			};
			name = Release;
		};
		F9168E2F1DAC21BF0021FF93 /* Debug */ = {
			isa = XCBuildConfiguration;
			buildSettings = {
				COMBINE_HIDPI_IMAGES = YES;
				INFOPLIST_FILE = BobTest/Info.plist;
				LD_RUNPATH_SEARCH_PATHS = "$(inherited) @executable_path/../Frameworks @loader_path/../Frameworks";
				PRODUCT_BUNDLE_IDENTIFIER = io.nnh.BobTest;
				PRODUCT_NAME = "$(TARGET_NAME)";
				SWIFT_ACTIVE_COMPILATION_CONDITIONS = DEBUG;
				SWIFT_VERSION = 3.0;
			};
			name = Debug;
		};
		F9168E301DAC21BF0021FF93 /* Release */ = {
			isa = XCBuildConfiguration;
			buildSettings = {
				COMBINE_HIDPI_IMAGES = YES;
				INFOPLIST_FILE = BobTest/Info.plist;
				LD_RUNPATH_SEARCH_PATHS = "$(inherited) @executable_path/../Frameworks @loader_path/../Frameworks";
				PRODUCT_BUNDLE_IDENTIFIER = io.nnh.BobTest;
				PRODUCT_NAME = "$(TARGET_NAME)";
				SWIFT_OPTIMIZATION_LEVEL = "-Owholemodule";
				SWIFT_VERSION = 3.0;
			};
			name = Release;
		};
/* End XCBuildConfiguration section */

/* Begin XCConfigurationList section */
		F9168E161DAC21AA0021FF93 /* Build configuration list for PBXProject "bob" */ = {
			isa = XCConfigurationList;
			buildConfigurations = (
				F9168E201DAC21AA0021FF93 /* Debug */,
				F9168E211DAC21AA0021FF93 /* Release */,
			);
			defaultConfigurationIsVisible = 0;
			defaultConfigurationName = Release;
		};
		F9168E221DAC21AA0021FF93 /* Build configuration list for PBXNativeTarget "bob" */ = {
			isa = XCConfigurationList;
			buildConfigurations = (
				F9168E231DAC21AA0021FF93 /* Debug */,
				F9168E241DAC21AA0021FF93 /* Release */,
			);
			defaultConfigurationIsVisible = 0;
		};
		F9168E2E1DAC21BF0021FF93 /* Build configuration list for PBXNativeTarget "BobTest" */ = {
			isa = XCConfigurationList;
			buildConfigurations = (
				F9168E2F1DAC21BF0021FF93 /* Debug */,
				F9168E301DAC21BF0021FF93 /* Release */,
			);
			defaultConfigurationIsVisible = 0;
		};
/* End XCConfigurationList section */
	};
	rootObject = F9168E131DAC21AA0021FF93 /* Project object */;
}
