// !$*UTF8*$!
{
	archiveVersion = 1;
	classes = {
	};
	objectVersion = 46;
	objects = {

/* Begin PBXBuildFile section */
		F938B3831DB94FBC00F8DAA7 /* main.swift in Sources */ = {isa = PBXBuildFile; fileRef = F938B3821DB94FBC00F8DAA7 /* main.swift */; };
		F938B3901DB94FC600F8DAA7 /* ClockTest.swift in Sources */ = {isa = PBXBuildFile; fileRef = F938B38F1DB94FC600F8DAA7 /* ClockTest.swift */; };
		F938B3951DB94FCB00F8DAA7 /* main.swift in Sources */ = {isa = PBXBuildFile; fileRef = F938B3821DB94FBC00F8DAA7 /* main.swift */; };
/* End PBXBuildFile section */

/* Begin PBXCopyFilesBuildPhase section */
		F938B37D1DB94FBB00F8DAA7 /* CopyFiles */ = {
			isa = PBXCopyFilesBuildPhase;
			buildActionMask = 2147483647;
			dstPath = /usr/share/man/man1/;
			dstSubfolderSpec = 0;
			files = (
			);
			runOnlyForDeploymentPostprocessing = 1;
		};
/* End PBXCopyFilesBuildPhase section */

/* Begin PBXFileReference section */
		F938B37F1DB94FBC00F8DAA7 /* clock */ = {isa = PBXFileReference; explicitFileType = "compiled.mach-o.executable"; includeInIndex = 0; path = clock; sourceTree = BUILT_PRODUCTS_DIR; };
		F938B3821DB94FBC00F8DAA7 /* main.swift */ = {isa = PBXFileReference; lastKnownFileType = sourcecode.swift; path = main.swift; sourceTree = "<group>"; };
		F938B38D1DB94FC600F8DAA7 /* ClockTest.xctest */ = {isa = PBXFileReference; explicitFileType = wrapper.cfbundle; includeInIndex = 0; path = ClockTest.xctest; sourceTree = BUILT_PRODUCTS_DIR; };
		F938B38F1DB94FC600F8DAA7 /* ClockTest.swift */ = {isa = PBXFileReference; lastKnownFileType = sourcecode.swift; path = ClockTest.swift; sourceTree = "<group>"; };
		F938B3911DB94FC600F8DAA7 /* Info.plist */ = {isa = PBXFileReference; lastKnownFileType = text.plist.xml; path = Info.plist; sourceTree = "<group>"; };
/* End PBXFileReference section */

/* Begin PBXFrameworksBuildPhase section */
		F938B37C1DB94FBB00F8DAA7 /* Frameworks */ = {
			isa = PBXFrameworksBuildPhase;
			buildActionMask = 2147483647;
			files = (
			);
			runOnlyForDeploymentPostprocessing = 0;
		};
		F938B38A1DB94FC600F8DAA7 /* Frameworks */ = {
			isa = PBXFrameworksBuildPhase;
			buildActionMask = 2147483647;
			files = (
			);
			runOnlyForDeploymentPostprocessing = 0;
		};
/* End PBXFrameworksBuildPhase section */

/* Begin PBXGroup section */
		F938B3761DB94FBB00F8DAA7 = {
			isa = PBXGroup;
			children = (
				F938B3811DB94FBC00F8DAA7 /* clock */,
				F938B38E1DB94FC600F8DAA7 /* ClockTest */,
				F938B3801DB94FBC00F8DAA7 /* Products */,
			);
			sourceTree = "<group>";
		};
		F938B3801DB94FBC00F8DAA7 /* Products */ = {
			isa = PBXGroup;
			children = (
				F938B37F1DB94FBC00F8DAA7 /* clock */,
				F938B38D1DB94FC600F8DAA7 /* ClockTest.xctest */,
			);
			name = Products;
			sourceTree = "<group>";
		};
		F938B3811DB94FBC00F8DAA7 /* clock */ = {
			isa = PBXGroup;
			children = (
				F938B3821DB94FBC00F8DAA7 /* main.swift */,
			);
			path = clock;
			sourceTree = "<group>";
		};
		F938B38E1DB94FC600F8DAA7 /* ClockTest */ = {
			isa = PBXGroup;
			children = (
				F938B38F1DB94FC600F8DAA7 /* ClockTest.swift */,
				F938B3911DB94FC600F8DAA7 /* Info.plist */,
			);
			path = ClockTest;
			sourceTree = "<group>";
		};
/* End PBXGroup section */

/* Begin PBXNativeTarget section */
		F938B37E1DB94FBB00F8DAA7 /* clock */ = {
			isa = PBXNativeTarget;
			buildConfigurationList = F938B3861DB94FBC00F8DAA7 /* Build configuration list for PBXNativeTarget "clock" */;
			buildPhases = (
				F938B37B1DB94FBB00F8DAA7 /* Sources */,
				F938B37C1DB94FBB00F8DAA7 /* Frameworks */,
				F938B37D1DB94FBB00F8DAA7 /* CopyFiles */,
			);
			buildRules = (
			);
			dependencies = (
			);
			name = clock;
			productName = clock;
			productReference = F938B37F1DB94FBC00F8DAA7 /* clock */;
			productType = "com.apple.product-type.tool";
		};
		F938B38C1DB94FC600F8DAA7 /* ClockTest */ = {
			isa = PBXNativeTarget;
			buildConfigurationList = F938B3921DB94FC600F8DAA7 /* Build configuration list for PBXNativeTarget "ClockTest" */;
			buildPhases = (
				F938B3891DB94FC600F8DAA7 /* Sources */,
				F938B38A1DB94FC600F8DAA7 /* Frameworks */,
				F938B38B1DB94FC600F8DAA7 /* Resources */,
			);
			buildRules = (
			);
			dependencies = (
			);
			name = ClockTest;
			productName = ClockTest;
			productReference = F938B38D1DB94FC600F8DAA7 /* ClockTest.xctest */;
			productType = "com.apple.product-type.bundle.unit-test";
		};
/* End PBXNativeTarget section */

/* Begin PBXProject section */
		F938B3771DB94FBB00F8DAA7 /* Project object */ = {
			isa = PBXProject;
			attributes = {
				LastSwiftUpdateCheck = 0800;
				LastUpgradeCheck = 0800;
				ORGANIZATIONNAME = nvnehi;
				TargetAttributes = {
					F938B37E1DB94FBB00F8DAA7 = {
						CreatedOnToolsVersion = 8.0;
						ProvisioningStyle = Automatic;
					};
					F938B38C1DB94FC600F8DAA7 = {
						CreatedOnToolsVersion = 8.0;
						ProvisioningStyle = Automatic;
					};
				};
			};
			buildConfigurationList = F938B37A1DB94FBB00F8DAA7 /* Build configuration list for PBXProject "clock" */;
			compatibilityVersion = "Xcode 3.2";
			developmentRegion = English;
			hasScannedForEncodings = 0;
			knownRegions = (
				en,
			);
			mainGroup = F938B3761DB94FBB00F8DAA7;
			productRefGroup = F938B3801DB94FBC00F8DAA7 /* Products */;
			projectDirPath = "";
			projectRoot = "";
			targets = (
				F938B37E1DB94FBB00F8DAA7 /* clock */,
				F938B38C1DB94FC600F8DAA7 /* ClockTest */,
			);
		};
/* End PBXProject section */

/* Begin PBXResourcesBuildPhase section */
		F938B38B1DB94FC600F8DAA7 /* Resources */ = {
			isa = PBXResourcesBuildPhase;
			buildActionMask = 2147483647;
			files = (
			);
			runOnlyForDeploymentPostprocessing = 0;
		};
/* End PBXResourcesBuildPhase section */

/* Begin PBXSourcesBuildPhase section */
		F938B37B1DB94FBB00F8DAA7 /* Sources */ = {
			isa = PBXSourcesBuildPhase;
			buildActionMask = 2147483647;
			files = (
				F938B3831DB94FBC00F8DAA7 /* main.swift in Sources */,
			);
			runOnlyForDeploymentPostprocessing = 0;
		};
		F938B3891DB94FC600F8DAA7 /* Sources */ = {
			isa = PBXSourcesBuildPhase;
			buildActionMask = 2147483647;
			files = (
				F938B3951DB94FCB00F8DAA7 /* main.swift in Sources */,
				F938B3901DB94FC600F8DAA7 /* ClockTest.swift in Sources */,
			);
			runOnlyForDeploymentPostprocessing = 0;
		};
/* End PBXSourcesBuildPhase section */

/* Begin XCBuildConfiguration section */
		F938B3841DB94FBC00F8DAA7 /* Debug */ = {
			isa = XCBuildConfiguration;
			buildSettings = {
				ALWAYS_SEARCH_USER_PATHS = NO;
				CLANG_ANALYZER_NONNULL = YES;
				CLANG_CXX_LANGUAGE_STANDARD = "gnu++0x";
				CLANG_CXX_LIBRARY = "libc++";
				CLANG_ENABLE_MODULES = YES;
				CLANG_ENABLE_OBJC_ARC = YES;
				CLANG_WARN_BOOL_CONVERSION = YES;
				CLANG_WARN_CONSTANT_CONVERSION = YES;
				CLANG_WARN_DIRECT_OBJC_ISA_USAGE = YES_ERROR;
				CLANG_WARN_DOCUMENTATION_COMMENTS = YES;
				CLANG_WARN_EMPTY_BODY = YES;
				CLANG_WARN_ENUM_CONVERSION = YES;
				CLANG_WARN_INFINITE_RECURSION = YES;
				CLANG_WARN_INT_CONVERSION = YES;
				CLANG_WARN_OBJC_ROOT_CLASS = YES_ERROR;
				CLANG_WARN_SUSPICIOUS_MOVES = YES;
				CLANG_WARN_UNREACHABLE_CODE = YES;
				CLANG_WARN__DUPLICATE_METHOD_MATCH = YES;
				CODE_SIGN_IDENTITY = "-";
				COPY_PHASE_STRIP = NO;
				DEBUG_INFORMATION_FORMAT = dwarf;
				ENABLE_STRICT_OBJC_MSGSEND = YES;
				ENABLE_TESTABILITY = YES;
				GCC_C_LANGUAGE_STANDARD = gnu99;
				GCC_DYNAMIC_NO_PIC = NO;
				GCC_NO_COMMON_BLOCKS = YES;
				GCC_OPTIMIZATION_LEVEL = 0;
				GCC_PREPROCESSOR_DEFINITIONS = (
					"DEBUG=1",
					"$(inherited)",
				);
				GCC_WARN_64_TO_32_BIT_CONVERSION = YES;
				GCC_WARN_ABOUT_RETURN_TYPE = YES_ERROR;
				GCC_WARN_UNDECLARED_SELECTOR = YES;
				GCC_WARN_UNINITIALIZED_AUTOS = YES_AGGRESSIVE;
				GCC_WARN_UNUSED_FUNCTION = YES;
				GCC_WARN_UNUSED_VARIABLE = YES;
				MACOSX_DEPLOYMENT_TARGET = 10.12;
				MTL_ENABLE_DEBUG_INFO = YES;
				ONLY_ACTIVE_ARCH = YES;
				SDKROOT = macosx;
				SWIFT_OPTIMIZATION_LEVEL = "-Onone";
			};
			name = Debug;
		};
		F938B3851DB94FBC00F8DAA7 /* Release */ = {
			isa = XCBuildConfiguration;
			buildSettings = {
				ALWAYS_SEARCH_USER_PATHS = NO;
				CLANG_ANALYZER_NONNULL = YES;
				CLANG_CXX_LANGUAGE_STANDARD = "gnu++0x";
				CLANG_CXX_LIBRARY = "libc++";
				CLANG_ENABLE_MODULES = YES;
				CLANG_ENABLE_OBJC_ARC = YES;
				CLANG_WARN_BOOL_CONVERSION = YES;
				CLANG_WARN_CONSTANT_CONVERSION = YES;
				CLANG_WARN_DIRECT_OBJC_ISA_USAGE = YES_ERROR;
				CLANG_WARN_DOCUMENTATION_COMMENTS = YES;
				CLANG_WARN_EMPTY_BODY = YES;
				CLANG_WARN_ENUM_CONVERSION = YES;
				CLANG_WARN_INFINITE_RECURSION = YES;
				CLANG_WARN_INT_CONVERSION = YES;
				CLANG_WARN_OBJC_ROOT_CLASS = YES_ERROR;
				CLANG_WARN_SUSPICIOUS_MOVES = YES;
				CLANG_WARN_UNREACHABLE_CODE = YES;
				CLANG_WARN__DUPLICATE_METHOD_MATCH = YES;
				CODE_SIGN_IDENTITY = "-";
				COPY_PHASE_STRIP = NO;
				DEBUG_INFORMATION_FORMAT = "dwarf-with-dsym";
				ENABLE_NS_ASSERTIONS = NO;
				ENABLE_STRICT_OBJC_MSGSEND = YES;
				GCC_C_LANGUAGE_STANDARD = gnu99;
				GCC_NO_COMMON_BLOCKS = YES;
				GCC_WARN_64_TO_32_BIT_CONVERSION = YES;
				GCC_WARN_ABOUT_RETURN_TYPE = YES_ERROR;
				GCC_WARN_UNDECLARED_SELECTOR = YES;
				GCC_WARN_UNINITIALIZED_AUTOS = YES_AGGRESSIVE;
				GCC_WARN_UNUSED_FUNCTION = YES;
				GCC_WARN_UNUSED_VARIABLE = YES;
				MACOSX_DEPLOYMENT_TARGET = 10.12;
				MTL_ENABLE_DEBUG_INFO = NO;
				SDKROOT = macosx;
			};
			name = Release;
		};
		F938B3871DB94FBC00F8DAA7 /* Debug */ = {
			isa = XCBuildConfiguration;
			buildSettings = {
				PRODUCT_NAME = "$(TARGET_NAME)";
				SWIFT_VERSION = 3.0;
			};
			name = Debug;
		};
		F938B3881DB94FBC00F8DAA7 /* Release */ = {
			isa = XCBuildConfiguration;
			buildSettings = {
				PRODUCT_NAME = "$(TARGET_NAME)";
				SWIFT_VERSION = 3.0;
			};
			name = Release;
		};
		F938B3931DB94FC600F8DAA7 /* Debug */ = {
			isa = XCBuildConfiguration;
			buildSettings = {
				COMBINE_HIDPI_IMAGES = YES;
				INFOPLIST_FILE = ClockTest/Info.plist;
				LD_RUNPATH_SEARCH_PATHS = "$(inherited) @executable_path/../Frameworks @loader_path/../Frameworks";
				PRODUCT_BUNDLE_IDENTIFIER = io.nnh.ClockTest;
				PRODUCT_NAME = "$(TARGET_NAME)";
				SWIFT_ACTIVE_COMPILATION_CONDITIONS = DEBUG;
				SWIFT_VERSION = 3.0;
			};
			name = Debug;
		};
		F938B3941DB94FC600F8DAA7 /* Release */ = {
			isa = XCBuildConfiguration;
			buildSettings = {
				COMBINE_HIDPI_IMAGES = YES;
				INFOPLIST_FILE = ClockTest/Info.plist;
				LD_RUNPATH_SEARCH_PATHS = "$(inherited) @executable_path/../Frameworks @loader_path/../Frameworks";
				PRODUCT_BUNDLE_IDENTIFIER = io.nnh.ClockTest;
				PRODUCT_NAME = "$(TARGET_NAME)";
				SWIFT_OPTIMIZATION_LEVEL = "-Owholemodule";
				SWIFT_VERSION = 3.0;
			};
			name = Release;
		};
/* End XCBuildConfiguration section */

/* Begin XCConfigurationList section */
		F938B37A1DB94FBB00F8DAA7 /* Build configuration list for PBXProject "clock" */ = {
			isa = XCConfigurationList;
			buildConfigurations = (
				F938B3841DB94FBC00F8DAA7 /* Debug */,
				F938B3851DB94FBC00F8DAA7 /* Release */,
			);
			defaultConfigurationIsVisible = 0;
			defaultConfigurationName = Release;
		};
		F938B3861DB94FBC00F8DAA7 /* Build configuration list for PBXNativeTarget "clock" */ = {
			isa = XCConfigurationList;
			buildConfigurations = (
				F938B3871DB94FBC00F8DAA7 /* Debug */,
				F938B3881DB94FBC00F8DAA7 /* Release */,
			);
			defaultConfigurationIsVisible = 0;
		};
		F938B3921DB94FC600F8DAA7 /* Build configuration list for PBXNativeTarget "ClockTest" */ = {
			isa = XCConfigurationList;
			buildConfigurations = (
				F938B3931DB94FC600F8DAA7 /* Debug */,
				F938B3941DB94FC600F8DAA7 /* Release */,
			);
			defaultConfigurationIsVisible = 0;
		};
/* End XCConfigurationList section */
	};
	rootObject = F938B3771DB94FBB00F8DAA7 /* Project object */;
}
