// !$*UTF8*$!
{
	archiveVersion = 1;
	classes = {
	};
	objectVersion = 46;
	objects = {

/* Begin PBXBuildFile section */
		F9CF98871DBEB87200E6CD25 /* main.swift in Sources */ = {isa = PBXBuildFile; fileRef = F9CF98861DBEB87200E6CD25 /* main.swift */; };
		F9CF98941DBEB87D00E6CD25 /* TriangleTest.swift in Sources */ = {isa = PBXBuildFile; fileRef = F9CF98931DBEB87D00E6CD25 /* TriangleTest.swift */; };
		F9CF98991DBEB89400E6CD25 /* main.swift in Sources */ = {isa = PBXBuildFile; fileRef = F9CF98861DBEB87200E6CD25 /* main.swift */; };
/* End PBXBuildFile section */

/* Begin PBXCopyFilesBuildPhase section */
		F9CF98811DBEB87200E6CD25 /* CopyFiles */ = {
			isa = PBXCopyFilesBuildPhase;
			buildActionMask = 2147483647;
			dstPath = /usr/share/man/man1/;
			dstSubfolderSpec = 0;
			files = (
			);
			runOnlyForDeploymentPostprocessing = 1;
		};
/* End PBXCopyFilesBuildPhase section */

/* Begin PBXFileReference section */
		F9CF98831DBEB87200E6CD25 /* triangle */ = {isa = PBXFileReference; explicitFileType = "compiled.mach-o.executable"; includeInIndex = 0; path = triangle; sourceTree = BUILT_PRODUCTS_DIR; };
		F9CF98861DBEB87200E6CD25 /* main.swift */ = {isa = PBXFileReference; lastKnownFileType = sourcecode.swift; path = main.swift; sourceTree = "<group>"; };
		F9CF98911DBEB87D00E6CD25 /* TriangleTest.xctest */ = {isa = PBXFileReference; explicitFileType = wrapper.cfbundle; includeInIndex = 0; path = TriangleTest.xctest; sourceTree = BUILT_PRODUCTS_DIR; };
		F9CF98931DBEB87D00E6CD25 /* TriangleTest.swift */ = {isa = PBXFileReference; lastKnownFileType = sourcecode.swift; path = TriangleTest.swift; sourceTree = "<group>"; };
		F9CF98951DBEB87D00E6CD25 /* Info.plist */ = {isa = PBXFileReference; lastKnownFileType = text.plist.xml; path = Info.plist; sourceTree = "<group>"; };
/* End PBXFileReference section */

/* Begin PBXFrameworksBuildPhase section */
		F9CF98801DBEB87200E6CD25 /* Frameworks */ = {
			isa = PBXFrameworksBuildPhase;
			buildActionMask = 2147483647;
			files = (
			);
			runOnlyForDeploymentPostprocessing = 0;
		};
		F9CF988E1DBEB87D00E6CD25 /* Frameworks */ = {
			isa = PBXFrameworksBuildPhase;
			buildActionMask = 2147483647;
			files = (
			);
			runOnlyForDeploymentPostprocessing = 0;
		};
/* End PBXFrameworksBuildPhase section */

/* Begin PBXGroup section */
		F9CF987A1DBEB87200E6CD25 = {
			isa = PBXGroup;
			children = (
				F9CF98851DBEB87200E6CD25 /* triangle */,
				F9CF98921DBEB87D00E6CD25 /* TriangleTest */,
				F9CF98841DBEB87200E6CD25 /* Products */,
			);
			sourceTree = "<group>";
		};
		F9CF98841DBEB87200E6CD25 /* Products */ = {
			isa = PBXGroup;
			children = (
				F9CF98831DBEB87200E6CD25 /* triangle */,
				F9CF98911DBEB87D00E6CD25 /* TriangleTest.xctest */,
			);
			name = Products;
			sourceTree = "<group>";
		};
		F9CF98851DBEB87200E6CD25 /* triangle */ = {
			isa = PBXGroup;
			children = (
				F9CF98861DBEB87200E6CD25 /* main.swift */,
			);
			path = triangle;
			sourceTree = "<group>";
		};
		F9CF98921DBEB87D00E6CD25 /* TriangleTest */ = {
			isa = PBXGroup;
			children = (
				F9CF98931DBEB87D00E6CD25 /* TriangleTest.swift */,
				F9CF98951DBEB87D00E6CD25 /* Info.plist */,
			);
			path = TriangleTest;
			sourceTree = "<group>";
		};
/* End PBXGroup section */

/* Begin PBXNativeTarget section */
		F9CF98821DBEB87200E6CD25 /* triangle */ = {
			isa = PBXNativeTarget;
			buildConfigurationList = F9CF988A1DBEB87200E6CD25 /* Build configuration list for PBXNativeTarget "triangle" */;
			buildPhases = (
				F9CF987F1DBEB87200E6CD25 /* Sources */,
				F9CF98801DBEB87200E6CD25 /* Frameworks */,
				F9CF98811DBEB87200E6CD25 /* CopyFiles */,
			);
			buildRules = (
			);
			dependencies = (
			);
			name = triangle;
			productName = triangle;
			productReference = F9CF98831DBEB87200E6CD25 /* triangle */;
			productType = "com.apple.product-type.tool";
		};
		F9CF98901DBEB87D00E6CD25 /* TriangleTest */ = {
			isa = PBXNativeTarget;
			buildConfigurationList = F9CF98961DBEB87D00E6CD25 /* Build configuration list for PBXNativeTarget "TriangleTest" */;
			buildPhases = (
				F9CF988D1DBEB87D00E6CD25 /* Sources */,
				F9CF988E1DBEB87D00E6CD25 /* Frameworks */,
				F9CF988F1DBEB87D00E6CD25 /* Resources */,
			);
			buildRules = (
			);
			dependencies = (
			);
			name = TriangleTest;
			productName = TriangleTest;
			productReference = F9CF98911DBEB87D00E6CD25 /* TriangleTest.xctest */;
			productType = "com.apple.product-type.bundle.unit-test";
		};
/* End PBXNativeTarget section */

/* Begin PBXProject section */
		F9CF987B1DBEB87200E6CD25 /* Project object */ = {
			isa = PBXProject;
			attributes = {
				LastSwiftUpdateCheck = 0800;
				LastUpgradeCheck = 0800;
				ORGANIZATIONNAME = nvnehi;
				TargetAttributes = {
					F9CF98821DBEB87200E6CD25 = {
						CreatedOnToolsVersion = 8.0;
						ProvisioningStyle = Automatic;
					};
					F9CF98901DBEB87D00E6CD25 = {
						CreatedOnToolsVersion = 8.0;
						ProvisioningStyle = Automatic;
					};
				};
			};
			buildConfigurationList = F9CF987E1DBEB87200E6CD25 /* Build configuration list for PBXProject "triangle" */;
			compatibilityVersion = "Xcode 3.2";
			developmentRegion = English;
			hasScannedForEncodings = 0;
			knownRegions = (
				en,
			);
			mainGroup = F9CF987A1DBEB87200E6CD25;
			productRefGroup = F9CF98841DBEB87200E6CD25 /* Products */;
			projectDirPath = "";
			projectRoot = "";
			targets = (
				F9CF98821DBEB87200E6CD25 /* triangle */,
				F9CF98901DBEB87D00E6CD25 /* TriangleTest */,
			);
		};
/* End PBXProject section */

/* Begin PBXResourcesBuildPhase section */
		F9CF988F1DBEB87D00E6CD25 /* Resources */ = {
			isa = PBXResourcesBuildPhase;
			buildActionMask = 2147483647;
			files = (
			);
			runOnlyForDeploymentPostprocessing = 0;
		};
/* End PBXResourcesBuildPhase section */

/* Begin PBXSourcesBuildPhase section */
		F9CF987F1DBEB87200E6CD25 /* Sources */ = {
			isa = PBXSourcesBuildPhase;
			buildActionMask = 2147483647;
			files = (
				F9CF98871DBEB87200E6CD25 /* main.swift in Sources */,
			);
			runOnlyForDeploymentPostprocessing = 0;
		};
		F9CF988D1DBEB87D00E6CD25 /* Sources */ = {
			isa = PBXSourcesBuildPhase;
			buildActionMask = 2147483647;
			files = (
				F9CF98991DBEB89400E6CD25 /* main.swift in Sources */,
				F9CF98941DBEB87D00E6CD25 /* TriangleTest.swift in Sources */,
			);
			runOnlyForDeploymentPostprocessing = 0;
		};
/* End PBXSourcesBuildPhase section */

/* Begin XCBuildConfiguration section */
		F9CF98881DBEB87200E6CD25 /* Debug */ = {
			isa = XCBuildConfiguration;
			buildSettings = {
				ALWAYS_SEARCH_USER_PATHS = NO;
				CLANG_ANALYZER_NONNULL = YES;
				CLANG_CXX_LANGUAGE_STANDARD = "gnu++0x";
				CLANG_CXX_LIBRARY = "libc++";
				CLANG_ENABLE_MODULES = YES;
				CLANG_ENABLE_OBJC_ARC = YES;
				CLANG_WARN_BOOL_CONVERSION = YES;
				CLANG_WARN_CONSTANT_CONVERSION = YES;
				CLANG_WARN_DIRECT_OBJC_ISA_USAGE = YES_ERROR;
				CLANG_WARN_DOCUMENTATION_COMMENTS = YES;
				CLANG_WARN_EMPTY_BODY = YES;
				CLANG_WARN_ENUM_CONVERSION = YES;
				CLANG_WARN_INFINITE_RECURSION = YES;
				CLANG_WARN_INT_CONVERSION = YES;
				CLANG_WARN_OBJC_ROOT_CLASS = YES_ERROR;
				CLANG_WARN_SUSPICIOUS_MOVES = YES;
				CLANG_WARN_UNREACHABLE_CODE = YES;
				CLANG_WARN__DUPLICATE_METHOD_MATCH = YES;
				CODE_SIGN_IDENTITY = "-";
				COPY_PHASE_STRIP = NO;
				DEBUG_INFORMATION_FORMAT = dwarf;
				ENABLE_STRICT_OBJC_MSGSEND = YES;
				ENABLE_TESTABILITY = YES;
				GCC_C_LANGUAGE_STANDARD = gnu99;
				GCC_DYNAMIC_NO_PIC = NO;
				GCC_NO_COMMON_BLOCKS = YES;
				GCC_OPTIMIZATION_LEVEL = 0;
				GCC_PREPROCESSOR_DEFINITIONS = (
					"DEBUG=1",
					"$(inherited)",
				);
				GCC_WARN_64_TO_32_BIT_CONVERSION = YES;
				GCC_WARN_ABOUT_RETURN_TYPE = YES_ERROR;
				GCC_WARN_UNDECLARED_SELECTOR = YES;
				GCC_WARN_UNINITIALIZED_AUTOS = YES_AGGRESSIVE;
				GCC_WARN_UNUSED_FUNCTION = YES;
				GCC_WARN_UNUSED_VARIABLE = YES;
				MACOSX_DEPLOYMENT_TARGET = 10.12;
				MTL_ENABLE_DEBUG_INFO = YES;
				ONLY_ACTIVE_ARCH = YES;
				SDKROOT = macosx;
				SWIFT_OPTIMIZATION_LEVEL = "-Onone";
			};
			name = Debug;
		};
		F9CF98891DBEB87200E6CD25 /* Release */ = {
			isa = XCBuildConfiguration;
			buildSettings = {
				ALWAYS_SEARCH_USER_PATHS = NO;
				CLANG_ANALYZER_NONNULL = YES;
				CLANG_CXX_LANGUAGE_STANDARD = "gnu++0x";
				CLANG_CXX_LIBRARY = "libc++";
				CLANG_ENABLE_MODULES = YES;
				CLANG_ENABLE_OBJC_ARC = YES;
				CLANG_WARN_BOOL_CONVERSION = YES;
				CLANG_WARN_CONSTANT_CONVERSION = YES;
				CLANG_WARN_DIRECT_OBJC_ISA_USAGE = YES_ERROR;
				CLANG_WARN_DOCUMENTATION_COMMENTS = YES;
				CLANG_WARN_EMPTY_BODY = YES;
				CLANG_WARN_ENUM_CONVERSION = YES;
				CLANG_WARN_INFINITE_RECURSION = YES;
				CLANG_WARN_INT_CONVERSION = YES;
				CLANG_WARN_OBJC_ROOT_CLASS = YES_ERROR;
				CLANG_WARN_SUSPICIOUS_MOVES = YES;
				CLANG_WARN_UNREACHABLE_CODE = YES;
				CLANG_WARN__DUPLICATE_METHOD_MATCH = YES;
				CODE_SIGN_IDENTITY = "-";
				COPY_PHASE_STRIP = NO;
				DEBUG_INFORMATION_FORMAT = "dwarf-with-dsym";
				ENABLE_NS_ASSERTIONS = NO;
				ENABLE_STRICT_OBJC_MSGSEND = YES;
				GCC_C_LANGUAGE_STANDARD = gnu99;
				GCC_NO_COMMON_BLOCKS = YES;
				GCC_WARN_64_TO_32_BIT_CONVERSION = YES;
				GCC_WARN_ABOUT_RETURN_TYPE = YES_ERROR;
				GCC_WARN_UNDECLARED_SELECTOR = YES;
				GCC_WARN_UNINITIALIZED_AUTOS = YES_AGGRESSIVE;
				GCC_WARN_UNUSED_FUNCTION = YES;
				GCC_WARN_UNUSED_VARIABLE = YES;
				MACOSX_DEPLOYMENT_TARGET = 10.12;
				MTL_ENABLE_DEBUG_INFO = NO;
				SDKROOT = macosx;
			};
			name = Release;
		};
		F9CF988B1DBEB87200E6CD25 /* Debug */ = {
			isa = XCBuildConfiguration;
			buildSettings = {
				PRODUCT_NAME = "$(TARGET_NAME)";
				SWIFT_VERSION = 3.0;
			};
			name = Debug;
		};
		F9CF988C1DBEB87200E6CD25 /* Release */ = {
			isa = XCBuildConfiguration;
			buildSettings = {
				PRODUCT_NAME = "$(TARGET_NAME)";
				SWIFT_VERSION = 3.0;
			};
			name = Release;
		};
		F9CF98971DBEB87D00E6CD25 /* Debug */ = {
			isa = XCBuildConfiguration;
			buildSettings = {
				COMBINE_HIDPI_IMAGES = YES;
				INFOPLIST_FILE = TriangleTest/Info.plist;
				LD_RUNPATH_SEARCH_PATHS = "$(inherited) @executable_path/../Frameworks @loader_path/../Frameworks";
				PRODUCT_BUNDLE_IDENTIFIER = io.nnh.TriangleTest;
				PRODUCT_NAME = "$(TARGET_NAME)";
				SWIFT_ACTIVE_COMPILATION_CONDITIONS = DEBUG;
				SWIFT_VERSION = 3.0;
			};
			name = Debug;
		};
		F9CF98981DBEB87D00E6CD25 /* Release */ = {
			isa = XCBuildConfiguration;
			buildSettings = {
				COMBINE_HIDPI_IMAGES = YES;
				INFOPLIST_FILE = TriangleTest/Info.plist;
				LD_RUNPATH_SEARCH_PATHS = "$(inherited) @executable_path/../Frameworks @loader_path/../Frameworks";
				PRODUCT_BUNDLE_IDENTIFIER = io.nnh.TriangleTest;
				PRODUCT_NAME = "$(TARGET_NAME)";
				SWIFT_OPTIMIZATION_LEVEL = "-Owholemodule";
				SWIFT_VERSION = 3.0;
			};
			name = Release;
		};
/* End XCBuildConfiguration section */

/* Begin XCConfigurationList section */
		F9CF987E1DBEB87200E6CD25 /* Build configuration list for PBXProject "triangle" */ = {
			isa = XCConfigurationList;
			buildConfigurations = (
				F9CF98881DBEB87200E6CD25 /* Debug */,
				F9CF98891DBEB87200E6CD25 /* Release */,
			);
			defaultConfigurationIsVisible = 0;
			defaultConfigurationName = Release;
		};
		F9CF988A1DBEB87200E6CD25 /* Build configuration list for PBXNativeTarget "triangle" */ = {
			isa = XCConfigurationList;
			buildConfigurations = (
				F9CF988B1DBEB87200E6CD25 /* Debug */,
				F9CF988C1DBEB87200E6CD25 /* Release */,
			);
			defaultConfigurationIsVisible = 0;
		};
		F9CF98961DBEB87D00E6CD25 /* Build configuration list for PBXNativeTarget "TriangleTest" */ = {
			isa = XCConfigurationList;
			buildConfigurations = (
				F9CF98971DBEB87D00E6CD25 /* Debug */,
				F9CF98981DBEB87D00E6CD25 /* Release */,
			);
			defaultConfigurationIsVisible = 0;
		};
/* End XCConfigurationList section */
	};
	rootObject = F9CF987B1DBEB87200E6CD25 /* Project object */;
}
