// !$*UTF8*$!
{
	archiveVersion = 1;
	classes = {
	};
	objectVersion = 46;
	objects = {

/* Begin PBXBuildFile section */
		F9EAC8431DB569010043B0B2 /* main.swift in Sources */ = {isa = PBXBuildFile; fileRef = F9EAC8421DB569010043B0B2 /* main.swift */; };
		F9EAC8501DB5690A0043B0B2 /* AccumulateTest.swift in Sources */ = {isa = PBXBuildFile; fileRef = F9EAC84F1DB5690A0043B0B2 /* AccumulateTest.swift */; };
		F9EAC8551DB5690E0043B0B2 /* main.swift in Sources */ = {isa = PBXBuildFile; fileRef = F9EAC8421DB569010043B0B2 /* main.swift */; };
/* End PBXBuildFile section */

/* Begin PBXCopyFilesBuildPhase section */
		F9EAC83D1DB569010043B0B2 /* CopyFiles */ = {
			isa = PBXCopyFilesBuildPhase;
			buildActionMask = 2147483647;
			dstPath = /usr/share/man/man1/;
			dstSubfolderSpec = 0;
			files = (
			);
			runOnlyForDeploymentPostprocessing = 1;
		};
/* End PBXCopyFilesBuildPhase section */

/* Begin PBXFileReference section */
		F9EAC83F1DB569010043B0B2 /* accumulate */ = {isa = PBXFileReference; explicitFileType = "compiled.mach-o.executable"; includeInIndex = 0; path = accumulate; sourceTree = BUILT_PRODUCTS_DIR; };
		F9EAC8421DB569010043B0B2 /* main.swift */ = {isa = PBXFileReference; lastKnownFileType = sourcecode.swift; path = main.swift; sourceTree = "<group>"; };
		F9EAC84D1DB5690A0043B0B2 /* AccumulateTest.xctest */ = {isa = PBXFileReference; explicitFileType = wrapper.cfbundle; includeInIndex = 0; path = AccumulateTest.xctest; sourceTree = BUILT_PRODUCTS_DIR; };
		F9EAC84F1DB5690A0043B0B2 /* AccumulateTest.swift */ = {isa = PBXFileReference; lastKnownFileType = sourcecode.swift; path = AccumulateTest.swift; sourceTree = "<group>"; };
		F9EAC8511DB5690A0043B0B2 /* Info.plist */ = {isa = PBXFileReference; lastKnownFileType = text.plist.xml; path = Info.plist; sourceTree = "<group>"; };
/* End PBXFileReference section */

/* Begin PBXFrameworksBuildPhase section */
		F9EAC83C1DB569010043B0B2 /* Frameworks */ = {
			isa = PBXFrameworksBuildPhase;
			buildActionMask = 2147483647;
			files = (
			);
			runOnlyForDeploymentPostprocessing = 0;
		};
		F9EAC84A1DB5690A0043B0B2 /* Frameworks */ = {
			isa = PBXFrameworksBuildPhase;
			buildActionMask = 2147483647;
			files = (
			);
			runOnlyForDeploymentPostprocessing = 0;
		};
/* End PBXFrameworksBuildPhase section */

/* Begin PBXGroup section */
		F9EAC8361DB569010043B0B2 = {
			isa = PBXGroup;
			children = (
				F9EAC8411DB569010043B0B2 /* accumulate */,
				F9EAC84E1DB5690A0043B0B2 /* AccumulateTest */,
				F9EAC8401DB569010043B0B2 /* Products */,
			);
			sourceTree = "<group>";
		};
		F9EAC8401DB569010043B0B2 /* Products */ = {
			isa = PBXGroup;
			children = (
				F9EAC83F1DB569010043B0B2 /* accumulate */,
				F9EAC84D1DB5690A0043B0B2 /* AccumulateTest.xctest */,
			);
			name = Products;
			sourceTree = "<group>";
		};
		F9EAC8411DB569010043B0B2 /* accumulate */ = {
			isa = PBXGroup;
			children = (
				F9EAC8421DB569010043B0B2 /* main.swift */,
			);
			path = accumulate;
			sourceTree = "<group>";
		};
		F9EAC84E1DB5690A0043B0B2 /* AccumulateTest */ = {
			isa = PBXGroup;
			children = (
				F9EAC84F1DB5690A0043B0B2 /* AccumulateTest.swift */,
				F9EAC8511DB5690A0043B0B2 /* Info.plist */,
			);
			path = AccumulateTest;
			sourceTree = "<group>";
		};
/* End PBXGroup section */

/* Begin PBXNativeTarget section */
		F9EAC83E1DB569010043B0B2 /* accumulate */ = {
			isa = PBXNativeTarget;
			buildConfigurationList = F9EAC8461DB569010043B0B2 /* Build configuration list for PBXNativeTarget "accumulate" */;
			buildPhases = (
				F9EAC83B1DB569010043B0B2 /* Sources */,
				F9EAC83C1DB569010043B0B2 /* Frameworks */,
				F9EAC83D1DB569010043B0B2 /* CopyFiles */,
			);
			buildRules = (
			);
			dependencies = (
			);
			name = accumulate;
			productName = accumulate;
			productReference = F9EAC83F1DB569010043B0B2 /* accumulate */;
			productType = "com.apple.product-type.tool";
		};
		F9EAC84C1DB5690A0043B0B2 /* AccumulateTest */ = {
			isa = PBXNativeTarget;
			buildConfigurationList = F9EAC8521DB5690A0043B0B2 /* Build configuration list for PBXNativeTarget "AccumulateTest" */;
			buildPhases = (
				F9EAC8491DB5690A0043B0B2 /* Sources */,
				F9EAC84A1DB5690A0043B0B2 /* Frameworks */,
				F9EAC84B1DB5690A0043B0B2 /* Resources */,
			);
			buildRules = (
			);
			dependencies = (
			);
			name = AccumulateTest;
			productName = AccumulateTest;
			productReference = F9EAC84D1DB5690A0043B0B2 /* AccumulateTest.xctest */;
			productType = "com.apple.product-type.bundle.unit-test";
		};
/* End PBXNativeTarget section */

/* Begin PBXProject section */
		F9EAC8371DB569010043B0B2 /* Project object */ = {
			isa = PBXProject;
			attributes = {
				LastSwiftUpdateCheck = 0800;
				LastUpgradeCheck = 0800;
				ORGANIZATIONNAME = nvnehi;
				TargetAttributes = {
					F9EAC83E1DB569010043B0B2 = {
						CreatedOnToolsVersion = 8.0;
						ProvisioningStyle = Automatic;
					};
					F9EAC84C1DB5690A0043B0B2 = {
						CreatedOnToolsVersion = 8.0;
						ProvisioningStyle = Automatic;
					};
				};
			};
			buildConfigurationList = F9EAC83A1DB569010043B0B2 /* Build configuration list for PBXProject "accumulate" */;
			compatibilityVersion = "Xcode 3.2";
			developmentRegion = English;
			hasScannedForEncodings = 0;
			knownRegions = (
				en,
			);
			mainGroup = F9EAC8361DB569010043B0B2;
			productRefGroup = F9EAC8401DB569010043B0B2 /* Products */;
			projectDirPath = "";
			projectRoot = "";
			targets = (
				F9EAC83E1DB569010043B0B2 /* accumulate */,
				F9EAC84C1DB5690A0043B0B2 /* AccumulateTest */,
			);
		};
/* End PBXProject section */

/* Begin PBXResourcesBuildPhase section */
		F9EAC84B1DB5690A0043B0B2 /* Resources */ = {
			isa = PBXResourcesBuildPhase;
			buildActionMask = 2147483647;
			files = (
			);
			runOnlyForDeploymentPostprocessing = 0;
		};
/* End PBXResourcesBuildPhase section */

/* Begin PBXSourcesBuildPhase section */
		F9EAC83B1DB569010043B0B2 /* Sources */ = {
			isa = PBXSourcesBuildPhase;
			buildActionMask = 2147483647;
			files = (
				F9EAC8431DB569010043B0B2 /* main.swift in Sources */,
			);
			runOnlyForDeploymentPostprocessing = 0;
		};
		F9EAC8491DB5690A0043B0B2 /* Sources */ = {
			isa = PBXSourcesBuildPhase;
			buildActionMask = 2147483647;
			files = (
				F9EAC8551DB5690E0043B0B2 /* main.swift in Sources */,
				F9EAC8501DB5690A0043B0B2 /* AccumulateTest.swift in Sources */,
			);
			runOnlyForDeploymentPostprocessing = 0;
		};
/* End PBXSourcesBuildPhase section */

/* Begin XCBuildConfiguration section */
		F9EAC8441DB569010043B0B2 /* Debug */ = {
			isa = XCBuildConfiguration;
			buildSettings = {
				ALWAYS_SEARCH_USER_PATHS = NO;
				CLANG_ANALYZER_NONNULL = YES;
				CLANG_CXX_LANGUAGE_STANDARD = "gnu++0x";
				CLANG_CXX_LIBRARY = "libc++";
				CLANG_ENABLE_MODULES = YES;
				CLANG_ENABLE_OBJC_ARC = YES;
				CLANG_WARN_BOOL_CONVERSION = YES;
				CLANG_WARN_CONSTANT_CONVERSION = YES;
				CLANG_WARN_DIRECT_OBJC_ISA_USAGE = YES_ERROR;
				CLANG_WARN_DOCUMENTATION_COMMENTS = YES;
				CLANG_WARN_EMPTY_BODY = YES;
				CLANG_WARN_ENUM_CONVERSION = YES;
				CLANG_WARN_INFINITE_RECURSION = YES;
				CLANG_WARN_INT_CONVERSION = YES;
				CLANG_WARN_OBJC_ROOT_CLASS = YES_ERROR;
				CLANG_WARN_SUSPICIOUS_MOVES = YES;
				CLANG_WARN_UNREACHABLE_CODE = YES;
				CLANG_WARN__DUPLICATE_METHOD_MATCH = YES;
				CODE_SIGN_IDENTITY = "-";
				COPY_PHASE_STRIP = NO;
				DEBUG_INFORMATION_FORMAT = dwarf;
				ENABLE_STRICT_OBJC_MSGSEND = YES;
				ENABLE_TESTABILITY = YES;
				GCC_C_LANGUAGE_STANDARD = gnu99;
				GCC_DYNAMIC_NO_PIC = NO;
				GCC_NO_COMMON_BLOCKS = YES;
				GCC_OPTIMIZATION_LEVEL = 0;
				GCC_PREPROCESSOR_DEFINITIONS = (
					"DEBUG=1",
					"$(inherited)",
				);
				GCC_WARN_64_TO_32_BIT_CONVERSION = YES;
				GCC_WARN_ABOUT_RETURN_TYPE = YES_ERROR;
				GCC_WARN_UNDECLARED_SELECTOR = YES;
				GCC_WARN_UNINITIALIZED_AUTOS = YES_AGGRESSIVE;
				GCC_WARN_UNUSED_FUNCTION = YES;
				GCC_WARN_UNUSED_VARIABLE = YES;
				MACOSX_DEPLOYMENT_TARGET = 10.12;
				MTL_ENABLE_DEBUG_INFO = YES;
				ONLY_ACTIVE_ARCH = YES;
				SDKROOT = macosx;
				SWIFT_OPTIMIZATION_LEVEL = "-Onone";
			};
			name = Debug;
		};
		F9EAC8451DB569010043B0B2 /* Release */ = {
			isa = XCBuildConfiguration;
			buildSettings = {
				ALWAYS_SEARCH_USER_PATHS = NO;
				CLANG_ANALYZER_NONNULL = YES;
				CLANG_CXX_LANGUAGE_STANDARD = "gnu++0x";
				CLANG_CXX_LIBRARY = "libc++";
				CLANG_ENABLE_MODULES = YES;
				CLANG_ENABLE_OBJC_ARC = YES;
				CLANG_WARN_BOOL_CONVERSION = YES;
				CLANG_WARN_CONSTANT_CONVERSION = YES;
				CLANG_WARN_DIRECT_OBJC_ISA_USAGE = YES_ERROR;
				CLANG_WARN_DOCUMENTATION_COMMENTS = YES;
				CLANG_WARN_EMPTY_BODY = YES;
				CLANG_WARN_ENUM_CONVERSION = YES;
				CLANG_WARN_INFINITE_RECURSION = YES;
				CLANG_WARN_INT_CONVERSION = YES;
				CLANG_WARN_OBJC_ROOT_CLASS = YES_ERROR;
				CLANG_WARN_SUSPICIOUS_MOVES = YES;
				CLANG_WARN_UNREACHABLE_CODE = YES;
				CLANG_WARN__DUPLICATE_METHOD_MATCH = YES;
				CODE_SIGN_IDENTITY = "-";
				COPY_PHASE_STRIP = NO;
				DEBUG_INFORMATION_FORMAT = "dwarf-with-dsym";
				ENABLE_NS_ASSERTIONS = NO;
				ENABLE_STRICT_OBJC_MSGSEND = YES;
				GCC_C_LANGUAGE_STANDARD = gnu99;
				GCC_NO_COMMON_BLOCKS = YES;
				GCC_WARN_64_TO_32_BIT_CONVERSION = YES;
				GCC_WARN_ABOUT_RETURN_TYPE = YES_ERROR;
				GCC_WARN_UNDECLARED_SELECTOR = YES;
				GCC_WARN_UNINITIALIZED_AUTOS = YES_AGGRESSIVE;
				GCC_WARN_UNUSED_FUNCTION = YES;
				GCC_WARN_UNUSED_VARIABLE = YES;
				MACOSX_DEPLOYMENT_TARGET = 10.12;
				MTL_ENABLE_DEBUG_INFO = NO;
				SDKROOT = macosx;
			};
			name = Release;
		};
		F9EAC8471DB569010043B0B2 /* Debug */ = {
			isa = XCBuildConfiguration;
			buildSettings = {
				PRODUCT_NAME = "$(TARGET_NAME)";
				SWIFT_VERSION = 3.0;
			};
			name = Debug;
		};
		F9EAC8481DB569010043B0B2 /* Release */ = {
			isa = XCBuildConfiguration;
			buildSettings = {
				PRODUCT_NAME = "$(TARGET_NAME)";
				SWIFT_VERSION = 3.0;
			};
			name = Release;
		};
		F9EAC8531DB5690A0043B0B2 /* Debug */ = {
			isa = XCBuildConfiguration;
			buildSettings = {
				COMBINE_HIDPI_IMAGES = YES;
				INFOPLIST_FILE = AccumulateTest/Info.plist;
				LD_RUNPATH_SEARCH_PATHS = "$(inherited) @executable_path/../Frameworks @loader_path/../Frameworks";
				PRODUCT_BUNDLE_IDENTIFIER = io.nnh.AccumulateTest;
				PRODUCT_NAME = "$(TARGET_NAME)";
				SWIFT_ACTIVE_COMPILATION_CONDITIONS = DEBUG;
				SWIFT_VERSION = 3.0;
			};
			name = Debug;
		};
		F9EAC8541DB5690A0043B0B2 /* Release */ = {
			isa = XCBuildConfiguration;
			buildSettings = {
				COMBINE_HIDPI_IMAGES = YES;
				INFOPLIST_FILE = AccumulateTest/Info.plist;
				LD_RUNPATH_SEARCH_PATHS = "$(inherited) @executable_path/../Frameworks @loader_path/../Frameworks";
				PRODUCT_BUNDLE_IDENTIFIER = io.nnh.AccumulateTest;
				PRODUCT_NAME = "$(TARGET_NAME)";
				SWIFT_OPTIMIZATION_LEVEL = "-Owholemodule";
				SWIFT_VERSION = 3.0;
			};
			name = Release;
		};
/* End XCBuildConfiguration section */

/* Begin XCConfigurationList section */
		F9EAC83A1DB569010043B0B2 /* Build configuration list for PBXProject "accumulate" */ = {
			isa = XCConfigurationList;
			buildConfigurations = (
				F9EAC8441DB569010043B0B2 /* Debug */,
				F9EAC8451DB569010043B0B2 /* Release */,
			);
			defaultConfigurationIsVisible = 0;
			defaultConfigurationName = Release;
		};
		F9EAC8461DB569010043B0B2 /* Build configuration list for PBXNativeTarget "accumulate" */ = {
			isa = XCConfigurationList;
			buildConfigurations = (
				F9EAC8471DB569010043B0B2 /* Debug */,
				F9EAC8481DB569010043B0B2 /* Release */,
			);
			defaultConfigurationIsVisible = 0;
		};
		F9EAC8521DB5690A0043B0B2 /* Build configuration list for PBXNativeTarget "AccumulateTest" */ = {
			isa = XCConfigurationList;
			buildConfigurations = (
				F9EAC8531DB5690A0043B0B2 /* Debug */,
				F9EAC8541DB5690A0043B0B2 /* Release */,
			);
			defaultConfigurationIsVisible = 0;
		};
/* End XCConfigurationList section */
	};
	rootObject = F9EAC8371DB569010043B0B2 /* Project object */;
}
